// !$*UTF8*$!
{
	archiveVersion = 1;
	classes = {
	};
	objectVersion = 56;
	objects = {

/* Begin PBXBuildFile section */
		6D098A492A33D09700FB3B6D /* CacheFeedUseCaseTests.swift in Sources */ = {isa = PBXBuildFile; fileRef = 6D098A482A33D09700FB3B6D /* CacheFeedUseCaseTests.swift */; };
		6D098A4C2A34BC2800FB3B6D /* LocalFeedLoader.swift in Sources */ = {isa = PBXBuildFile; fileRef = 6D098A4B2A34BC2800FB3B6D /* LocalFeedLoader.swift */; };
		6D098A4E2A34BCAD00FB3B6D /* FeedStore.swift in Sources */ = {isa = PBXBuildFile; fileRef = 6D098A4D2A34BCAD00FB3B6D /* FeedStore.swift */; };
		6D098A502A34E15800FB3B6D /* RemoteFeedItem.swift in Sources */ = {isa = PBXBuildFile; fileRef = 6D098A4F2A34E15800FB3B6D /* RemoteFeedItem.swift */; };
		6D098A522A34E18000FB3B6D /* LocalFeedImage.swift in Sources */ = {isa = PBXBuildFile; fileRef = 6D098A512A34E18000FB3B6D /* LocalFeedImage.swift */; };
		6D12CDBF2A9A93AB00DAC1B2 /* FeedImageCell.swift in Sources */ = {isa = PBXBuildFile; fileRef = 6D12CDBE2A9A93AB00DAC1B2 /* FeedImageCell.swift */; };
		6D12CDC12A9AA41C00DAC1B2 /* UIView+Shimmering.swift in Sources */ = {isa = PBXBuildFile; fileRef = 6D12CDC02A9AA41C00DAC1B2 /* UIView+Shimmering.swift */; };
		6D12CDC42A9B68CE00DAC1B2 /* FeedImageDataLoader.swift in Sources */ = {isa = PBXBuildFile; fileRef = 6D12CDC32A9B68CE00DAC1B2 /* FeedImageDataLoader.swift */; };
		6D12CDC92A9B6B3400DAC1B2 /* FeedRefreshViewController.swift in Sources */ = {isa = PBXBuildFile; fileRef = 6D12CDC82A9B6B3400DAC1B2 /* FeedRefreshViewController.swift */; };
		6D12CDCB2A9B6EC100DAC1B2 /* FeedImageCellController.swift in Sources */ = {isa = PBXBuildFile; fileRef = 6D12CDCA2A9B6EC100DAC1B2 /* FeedImageCellController.swift */; };
		6D12CDCE2A9B721C00DAC1B2 /* FeedUIComposer.swift in Sources */ = {isa = PBXBuildFile; fileRef = 6D12CDCD2A9B721C00DAC1B2 /* FeedUIComposer.swift */; };
		6D12CDD32A9B9C7100DAC1B2 /* FeedImageViewModel.swift in Sources */ = {isa = PBXBuildFile; fileRef = 6D12CDD22A9B9C7100DAC1B2 /* FeedImageViewModel.swift */; };
		6D12CDD62A9BAF9B00DAC1B2 /* FeedPresenter.swift in Sources */ = {isa = PBXBuildFile; fileRef = 6D12CDD52A9BAF9B00DAC1B2 /* FeedPresenter.swift */; };
		6D12CDD82A9BBAF600DAC1B2 /* FeedViewModel.swift in Sources */ = {isa = PBXBuildFile; fileRef = 6D12CDD72A9BBAF600DAC1B2 /* FeedViewModel.swift */; };
		6D12CDDA2A9BBB0D00DAC1B2 /* FeedLoadingViewModel.swift in Sources */ = {isa = PBXBuildFile; fileRef = 6D12CDD92A9BBB0D00DAC1B2 /* FeedLoadingViewModel.swift */; };
		6D12CDDC2A9BBB3300DAC1B2 /* FeedImagePresenter.swift in Sources */ = {isa = PBXBuildFile; fileRef = 6D12CDDB2A9BBB3300DAC1B2 /* FeedImagePresenter.swift */; };
		6D1A3A182A25036E00027018 /* EssentialFeed.framework in Frameworks */ = {isa = PBXBuildFile; fileRef = 6D1A3A0F2A25036E00027018 /* EssentialFeed.framework */; };
		6D1A3A1D2A25036E00027018 /* LoadFeedFromRemoteUseCaseTests.swift in Sources */ = {isa = PBXBuildFile; fileRef = 6D1A3A1C2A25036E00027018 /* LoadFeedFromRemoteUseCaseTests.swift */; };
		6D1A3A1E2A25036E00027018 /* EssentialFeed.h in Headers */ = {isa = PBXBuildFile; fileRef = 6D1A3A122A25036E00027018 /* EssentialFeed.h */; settings = {ATTRIBUTES = (Public, ); }; };
		6D1A3A282A2503B100027018 /* FeedImage.swift in Sources */ = {isa = PBXBuildFile; fileRef = 6D1A3A272A2503B100027018 /* FeedImage.swift */; };
		6D1A3A2A2A25040100027018 /* FeedLoader.swift in Sources */ = {isa = PBXBuildFile; fileRef = 6D1A3A292A25040100027018 /* FeedLoader.swift */; };
		6D1A3A2E2A25145F00027018 /* RemoteFeedLoader.swift in Sources */ = {isa = PBXBuildFile; fileRef = 6D1A3A2D2A25145F00027018 /* RemoteFeedLoader.swift */; };
		6D1FC9732A9950D5004592EF /* FeedViewController.swift in Sources */ = {isa = PBXBuildFile; fileRef = 6D1FC9722A9950D5004592EF /* FeedViewController.swift */; };
		6D1FC9742A99549C004592EF /* EssentialFeed.framework in Frameworks */ = {isa = PBXBuildFile; fileRef = 6D1A3A0F2A25036E00027018 /* EssentialFeed.framework */; };
		6D1FC9752A99549C004592EF /* EssentialFeed.framework in Embed Frameworks */ = {isa = PBXBuildFile; fileRef = 6D1A3A0F2A25036E00027018 /* EssentialFeed.framework */; settings = {ATTRIBUTES = (CodeSignOnCopy, RemoveHeadersOnCopy, ); }; };
		6D1FE14F2A9941C00081E7FF /* FeedViewControllerTests.swift in Sources */ = {isa = PBXBuildFile; fileRef = 6D1FE14E2A9941C00081E7FF /* FeedViewControllerTests.swift */; };
		6D1FE1562A9945B10081E7FF /* XCTestCase+MemoryLeakTracker.swift in Sources */ = {isa = PBXBuildFile; fileRef = 6D99F8A32A2B92F8006ECDD4 /* XCTestCase+MemoryLeakTracker.swift */; };
		6D3344302A5AF02B00AB7E43 /* EssentialFeediOS.framework in Frameworks */ = {isa = PBXBuildFile; fileRef = 6D3344282A5AF02B00AB7E43 /* EssentialFeediOS.framework */; };
		6D4D79A12A37C7D9008E8B23 /* CodableFeedStore.swift in Sources */ = {isa = PBXBuildFile; fileRef = 6D4D79A02A37C7D9008E8B23 /* CodableFeedStore.swift */; };
		6D4D79A32A37DCAC008E8B23 /* FeedStoreSpecs.swift in Sources */ = {isa = PBXBuildFile; fileRef = 6D4D79A22A37DCAC008E8B23 /* FeedStoreSpecs.swift */; };
		6D4D79A52A37DD1D008E8B23 /* XCTestCase+FeedStoreSpecs.swift in Sources */ = {isa = PBXBuildFile; fileRef = 6D4D79A42A37DD1D008E8B23 /* XCTestCase+FeedStoreSpecs.swift */; };
		6D4D79A72A37E13A008E8B23 /* XCTestCase+FailableRetrieveFeedStoreSpecs.swift in Sources */ = {isa = PBXBuildFile; fileRef = 6D4D79A62A37E13A008E8B23 /* XCTestCase+FailableRetrieveFeedStoreSpecs.swift */; };
		6D4D79A92A37E2F5008E8B23 /* XCTestCase+FailableInsertFeedStoreSpecs.swift in Sources */ = {isa = PBXBuildFile; fileRef = 6D4D79A82A37E2F5008E8B23 /* XCTestCase+FailableInsertFeedStoreSpecs.swift */; };
		6D4D79AB2A37E3FA008E8B23 /* XCTestCase+FailableDeleteFeedStoreSpecs.swift in Sources */ = {isa = PBXBuildFile; fileRef = 6D4D79AA2A37E3FA008E8B23 /* XCTestCase+FailableDeleteFeedStoreSpecs.swift */; };
		6D4D79AD2A3B9EBD008E8B23 /* CoreDataFeedStoreTests.swift in Sources */ = {isa = PBXBuildFile; fileRef = 6D4D79AC2A3B9EBD008E8B23 /* CoreDataFeedStoreTests.swift */; };
		6D4D79B02A3BA233008E8B23 /* FeedStore.xcdatamodeld in Sources */ = {isa = PBXBuildFile; fileRef = 6D4D79AE2A3BA233008E8B23 /* FeedStore.xcdatamodeld */; };
		6D4D79B22A3BA6EF008E8B23 /* CoreDataFeedStore.swift in Sources */ = {isa = PBXBuildFile; fileRef = 6D4D79B12A3BA6EF008E8B23 /* CoreDataFeedStore.swift */; };
		6D57EFCD2A367A7C00E1802D /* FeedCachePolicy.swift in Sources */ = {isa = PBXBuildFile; fileRef = 6D57EFCC2A367A7C00E1802D /* FeedCachePolicy.swift */; };
		6D57EFF12A37947800E1802D /* CodableFeedStoreTests.swift in Sources */ = {isa = PBXBuildFile; fileRef = 6D57EFF02A37947800E1802D /* CodableFeedStoreTests.swift */; };
		6D5AEE1B2A292E1500AF8DE3 /* HTTPClient.swift in Sources */ = {isa = PBXBuildFile; fileRef = 6D5AEE1A2A292E1500AF8DE3 /* HTTPClient.swift */; };
		6D5AEE242A2A6C8C00AF8DE3 /* URLSessionHTTPClientTests.swift in Sources */ = {isa = PBXBuildFile; fileRef = 6D5AEE232A2A6C8C00AF8DE3 /* URLSessionHTTPClientTests.swift */; };
		6D8443A22A36141200A67A6C /* ValidateFeedCacheUseCaseTests.swift in Sources */ = {isa = PBXBuildFile; fileRef = 6D8443A12A36141200A67A6C /* ValidateFeedCacheUseCaseTests.swift */; };
		6D8443A42A3617E100A67A6C /* FeedCacheTestHelpers.swift in Sources */ = {isa = PBXBuildFile; fileRef = 6D8443A32A3617E100A67A6C /* FeedCacheTestHelpers.swift */; };
		6D8443A62A3619EA00A67A6C /* SharedTestHelpers.swift in Sources */ = {isa = PBXBuildFile; fileRef = 6D8443A52A3619EA00A67A6C /* SharedTestHelpers.swift */; };
		6D98A3112A3BBDA000C1E6CD /* ManagedCache.swift in Sources */ = {isa = PBXBuildFile; fileRef = 6D98A3102A3BBDA000C1E6CD /* ManagedCache.swift */; };
		6D98A3132A3BBDB900C1E6CD /* ManagedFeedImage.swift in Sources */ = {isa = PBXBuildFile; fileRef = 6D98A3122A3BBDB900C1E6CD /* ManagedFeedImage.swift */; };
		6D98A31D2A3BC47900C1E6CD /* EssentialFeedCacheIntegrationTests.swift in Sources */ = {isa = PBXBuildFile; fileRef = 6D98A31C2A3BC47900C1E6CD /* EssentialFeedCacheIntegrationTests.swift */; };
		6D98A31E2A3BC47900C1E6CD /* EssentialFeed.framework in Frameworks */ = {isa = PBXBuildFile; fileRef = 6D1A3A0F2A25036E00027018 /* EssentialFeed.framework */; };
		6D98A3252A3BC6E800C1E6CD /* XCTestCase+MemoryLeakTracker.swift in Sources */ = {isa = PBXBuildFile; fileRef = 6D99F8A32A2B92F8006ECDD4 /* XCTestCase+MemoryLeakTracker.swift */; };
		6D98A3272A3BCA0800C1E6CD /* FeedCacheTestHelpers.swift in Sources */ = {isa = PBXBuildFile; fileRef = 6D8443A32A3617E100A67A6C /* FeedCacheTestHelpers.swift */; };
		6D98A3282A3BCA3500C1E6CD /* SharedTestHelpers.swift in Sources */ = {isa = PBXBuildFile; fileRef = 6D8443A52A3619EA00A67A6C /* SharedTestHelpers.swift */; };
		6D99F8A42A2B92F8006ECDD4 /* XCTestCase+MemoryLeakTracker.swift in Sources */ = {isa = PBXBuildFile; fileRef = 6D99F8A32A2B92F8006ECDD4 /* XCTestCase+MemoryLeakTracker.swift */; };
		6D99F8A62A2BCB31006ECDD4 /* URLSessionHTTPClient.swift in Sources */ = {isa = PBXBuildFile; fileRef = 6D99F8A52A2BCB31006ECDD4 /* URLSessionHTTPClient.swift */; };
		6D99F8AE2A2BD2B8006ECDD4 /* EssentialFeedAPIEndToEndTests.swift in Sources */ = {isa = PBXBuildFile; fileRef = 6D99F8AD2A2BD2B8006ECDD4 /* EssentialFeedAPIEndToEndTests.swift */; };
		6D99F8AF2A2BD2B8006ECDD4 /* EssentialFeed.framework in Frameworks */ = {isa = PBXBuildFile; fileRef = 6D1A3A0F2A25036E00027018 /* EssentialFeed.framework */; };
		6D99F8B52A2BD962006ECDD4 /* XCTestCase+MemoryLeakTracker.swift in Sources */ = {isa = PBXBuildFile; fileRef = 6D99F8A32A2B92F8006ECDD4 /* XCTestCase+MemoryLeakTracker.swift */; };
		6D9B35DB2A34E42A0061A87B /* FeedItemsMapper.swift in Sources */ = {isa = PBXBuildFile; fileRef = 6D5AEE1C2A292E8500AF8DE3 /* FeedItemsMapper.swift */; };
		6D9B35DD2A34FD220061A87B /* LoadFeedFromCacheUseCaseTests.swift in Sources */ = {isa = PBXBuildFile; fileRef = 6D9B35DC2A34FD220061A87B /* LoadFeedFromCacheUseCaseTests.swift */; };
		6D9B35E02A34FDEE0061A87B /* FeedStoreSpy.swift in Sources */ = {isa = PBXBuildFile; fileRef = 6D9B35DF2A34FDEE0061A87B /* FeedStoreSpy.swift */; };
/* End PBXBuildFile section */

/* Begin PBXContainerItemProxy section */
		6D1A3A192A25036E00027018 /* PBXContainerItemProxy */ = {
			isa = PBXContainerItemProxy;
			containerPortal = 6D1A3A062A25036E00027018 /* Project object */;
			proxyType = 1;
			remoteGlobalIDString = 6D1A3A0E2A25036E00027018;
			remoteInfo = EssentialFeed;
		};
		6D1FC9762A99549C004592EF /* PBXContainerItemProxy */ = {
			isa = PBXContainerItemProxy;
			containerPortal = 6D1A3A062A25036E00027018 /* Project object */;
			proxyType = 1;
			remoteGlobalIDString = 6D1A3A0E2A25036E00027018;
			remoteInfo = EssentialFeed;
		};
		6D3344312A5AF02B00AB7E43 /* PBXContainerItemProxy */ = {
			isa = PBXContainerItemProxy;
			containerPortal = 6D1A3A062A25036E00027018 /* Project object */;
			proxyType = 1;
			remoteGlobalIDString = 6D3344272A5AF02B00AB7E43;
			remoteInfo = EssentialFeediOS;
		};
		6D98A31F2A3BC47900C1E6CD /* PBXContainerItemProxy */ = {
			isa = PBXContainerItemProxy;
			containerPortal = 6D1A3A062A25036E00027018 /* Project object */;
			proxyType = 1;
			remoteGlobalIDString = 6D1A3A0E2A25036E00027018;
			remoteInfo = EssentialFeed;
		};
		6D99F8B02A2BD2B8006ECDD4 /* PBXContainerItemProxy */ = {
			isa = PBXContainerItemProxy;
			containerPortal = 6D1A3A062A25036E00027018 /* Project object */;
			proxyType = 1;
			remoteGlobalIDString = 6D1A3A0E2A25036E00027018;
			remoteInfo = EssentialFeed;
		};
/* End PBXContainerItemProxy section */

/* Begin PBXCopyFilesBuildPhase section */
		6D1FC9782A99549C004592EF /* Embed Frameworks */ = {
			isa = PBXCopyFilesBuildPhase;
			buildActionMask = 2147483647;
			dstPath = "";
			dstSubfolderSpec = 10;
			files = (
				6D1FC9752A99549C004592EF /* EssentialFeed.framework in Embed Frameworks */,
			);
			name = "Embed Frameworks";
			runOnlyForDeploymentPostprocessing = 0;
		};
/* End PBXCopyFilesBuildPhase section */

/* Begin PBXFileReference section */
		6D098A482A33D09700FB3B6D /* CacheFeedUseCaseTests.swift */ = {isa = PBXFileReference; lastKnownFileType = sourcecode.swift; path = CacheFeedUseCaseTests.swift; sourceTree = "<group>"; };
		6D098A4B2A34BC2800FB3B6D /* LocalFeedLoader.swift */ = {isa = PBXFileReference; lastKnownFileType = sourcecode.swift; path = LocalFeedLoader.swift; sourceTree = "<group>"; };
		6D098A4D2A34BCAD00FB3B6D /* FeedStore.swift */ = {isa = PBXFileReference; lastKnownFileType = sourcecode.swift; path = FeedStore.swift; sourceTree = "<group>"; };
		6D098A4F2A34E15800FB3B6D /* RemoteFeedItem.swift */ = {isa = PBXFileReference; lastKnownFileType = sourcecode.swift; path = RemoteFeedItem.swift; sourceTree = "<group>"; };
		6D098A512A34E18000FB3B6D /* LocalFeedImage.swift */ = {isa = PBXFileReference; lastKnownFileType = sourcecode.swift; path = LocalFeedImage.swift; sourceTree = "<group>"; };
		6D12CDBE2A9A93AB00DAC1B2 /* FeedImageCell.swift */ = {isa = PBXFileReference; lastKnownFileType = sourcecode.swift; path = FeedImageCell.swift; sourceTree = "<group>"; };
		6D12CDC02A9AA41C00DAC1B2 /* UIView+Shimmering.swift */ = {isa = PBXFileReference; lastKnownFileType = sourcecode.swift; path = "UIView+Shimmering.swift"; sourceTree = "<group>"; };
		6D12CDC32A9B68CE00DAC1B2 /* FeedImageDataLoader.swift */ = {isa = PBXFileReference; lastKnownFileType = sourcecode.swift; path = FeedImageDataLoader.swift; sourceTree = "<group>"; };
		6D12CDC82A9B6B3400DAC1B2 /* FeedRefreshViewController.swift */ = {isa = PBXFileReference; lastKnownFileType = sourcecode.swift; path = FeedRefreshViewController.swift; sourceTree = "<group>"; };
		6D12CDCA2A9B6EC100DAC1B2 /* FeedImageCellController.swift */ = {isa = PBXFileReference; lastKnownFileType = sourcecode.swift; path = FeedImageCellController.swift; sourceTree = "<group>"; };
		6D12CDCD2A9B721C00DAC1B2 /* FeedUIComposer.swift */ = {isa = PBXFileReference; lastKnownFileType = sourcecode.swift; path = FeedUIComposer.swift; sourceTree = "<group>"; };
		6D12CDD22A9B9C7100DAC1B2 /* FeedImageViewModel.swift */ = {isa = PBXFileReference; lastKnownFileType = sourcecode.swift; path = FeedImageViewModel.swift; sourceTree = "<group>"; };
		6D12CDD52A9BAF9B00DAC1B2 /* FeedPresenter.swift */ = {isa = PBXFileReference; lastKnownFileType = sourcecode.swift; path = FeedPresenter.swift; sourceTree = "<group>"; };
		6D12CDD72A9BBAF600DAC1B2 /* FeedViewModel.swift */ = {isa = PBXFileReference; lastKnownFileType = sourcecode.swift; path = FeedViewModel.swift; sourceTree = "<group>"; };
		6D12CDD92A9BBB0D00DAC1B2 /* FeedLoadingViewModel.swift */ = {isa = PBXFileReference; lastKnownFileType = sourcecode.swift; path = FeedLoadingViewModel.swift; sourceTree = "<group>"; };
		6D12CDDB2A9BBB3300DAC1B2 /* FeedImagePresenter.swift */ = {isa = PBXFileReference; lastKnownFileType = sourcecode.swift; path = FeedImagePresenter.swift; sourceTree = "<group>"; };
		6D1A3A0F2A25036E00027018 /* EssentialFeed.framework */ = {isa = PBXFileReference; explicitFileType = wrapper.framework; includeInIndex = 0; path = EssentialFeed.framework; sourceTree = BUILT_PRODUCTS_DIR; };
		6D1A3A122A25036E00027018 /* EssentialFeed.h */ = {isa = PBXFileReference; lastKnownFileType = sourcecode.c.h; path = EssentialFeed.h; sourceTree = "<group>"; };
		6D1A3A172A25036E00027018 /* EssentialFeedTests.xctest */ = {isa = PBXFileReference; explicitFileType = wrapper.cfbundle; includeInIndex = 0; path = EssentialFeedTests.xctest; sourceTree = BUILT_PRODUCTS_DIR; };
		6D1A3A1C2A25036E00027018 /* LoadFeedFromRemoteUseCaseTests.swift */ = {isa = PBXFileReference; lastKnownFileType = sourcecode.swift; path = LoadFeedFromRemoteUseCaseTests.swift; sourceTree = "<group>"; };
		6D1A3A272A2503B100027018 /* FeedImage.swift */ = {isa = PBXFileReference; lastKnownFileType = sourcecode.swift; path = FeedImage.swift; sourceTree = "<group>"; };
		6D1A3A292A25040100027018 /* FeedLoader.swift */ = {isa = PBXFileReference; lastKnownFileType = sourcecode.swift; path = FeedLoader.swift; sourceTree = "<group>"; };
		6D1A3A2D2A25145F00027018 /* RemoteFeedLoader.swift */ = {isa = PBXFileReference; indentWidth = 4; lastKnownFileType = sourcecode.swift; path = RemoteFeedLoader.swift; sourceTree = "<group>"; tabWidth = 4; };
		6D1FC9722A9950D5004592EF /* FeedViewController.swift */ = {isa = PBXFileReference; lastKnownFileType = sourcecode.swift; path = FeedViewController.swift; sourceTree = "<group>"; };
		6D1FE14E2A9941C00081E7FF /* FeedViewControllerTests.swift */ = {isa = PBXFileReference; lastKnownFileType = sourcecode.swift; path = FeedViewControllerTests.swift; sourceTree = "<group>"; };
		6D3344222A5AE7FA00AB7E43 /* EssentialFeedAPIEndToEndTests.xctestplan */ = {isa = PBXFileReference; lastKnownFileType = text; path = EssentialFeedAPIEndToEndTests.xctestplan; sourceTree = "<group>"; };
		6D3344282A5AF02B00AB7E43 /* EssentialFeediOS.framework */ = {isa = PBXFileReference; explicitFileType = wrapper.framework; includeInIndex = 0; path = EssentialFeediOS.framework; sourceTree = BUILT_PRODUCTS_DIR; };
		6D33442F2A5AF02B00AB7E43 /* EssentialFeediOSTests.xctest */ = {isa = PBXFileReference; explicitFileType = wrapper.cfbundle; includeInIndex = 0; path = EssentialFeediOSTests.xctest; sourceTree = BUILT_PRODUCTS_DIR; };
		6D33443D2A5AF1DC00AB7E43 /* CI_iOS.xctestplan */ = {isa = PBXFileReference; lastKnownFileType = text; path = CI_iOS.xctestplan; sourceTree = "<group>"; };
		6D4D79A02A37C7D9008E8B23 /* CodableFeedStore.swift */ = {isa = PBXFileReference; lastKnownFileType = sourcecode.swift; path = CodableFeedStore.swift; sourceTree = "<group>"; };
		6D4D79A22A37DCAC008E8B23 /* FeedStoreSpecs.swift */ = {isa = PBXFileReference; lastKnownFileType = sourcecode.swift; path = FeedStoreSpecs.swift; sourceTree = "<group>"; };
		6D4D79A42A37DD1D008E8B23 /* XCTestCase+FeedStoreSpecs.swift */ = {isa = PBXFileReference; lastKnownFileType = sourcecode.swift; path = "XCTestCase+FeedStoreSpecs.swift"; sourceTree = "<group>"; };
		6D4D79A62A37E13A008E8B23 /* XCTestCase+FailableRetrieveFeedStoreSpecs.swift */ = {isa = PBXFileReference; lastKnownFileType = sourcecode.swift; path = "XCTestCase+FailableRetrieveFeedStoreSpecs.swift"; sourceTree = "<group>"; };
		6D4D79A82A37E2F5008E8B23 /* XCTestCase+FailableInsertFeedStoreSpecs.swift */ = {isa = PBXFileReference; lastKnownFileType = sourcecode.swift; path = "XCTestCase+FailableInsertFeedStoreSpecs.swift"; sourceTree = "<group>"; };
		6D4D79AA2A37E3FA008E8B23 /* XCTestCase+FailableDeleteFeedStoreSpecs.swift */ = {isa = PBXFileReference; lastKnownFileType = sourcecode.swift; path = "XCTestCase+FailableDeleteFeedStoreSpecs.swift"; sourceTree = "<group>"; };
		6D4D79AC2A3B9EBD008E8B23 /* CoreDataFeedStoreTests.swift */ = {isa = PBXFileReference; lastKnownFileType = sourcecode.swift; path = CoreDataFeedStoreTests.swift; sourceTree = "<group>"; };
		6D4D79AF2A3BA233008E8B23 /* FeedStore.xcdatamodel */ = {isa = PBXFileReference; lastKnownFileType = wrapper.xcdatamodel; path = FeedStore.xcdatamodel; sourceTree = "<group>"; };
		6D4D79B12A3BA6EF008E8B23 /* CoreDataFeedStore.swift */ = {isa = PBXFileReference; lastKnownFileType = sourcecode.swift; path = CoreDataFeedStore.swift; sourceTree = "<group>"; };
		6D57EFCC2A367A7C00E1802D /* FeedCachePolicy.swift */ = {isa = PBXFileReference; lastKnownFileType = sourcecode.swift; path = FeedCachePolicy.swift; sourceTree = "<group>"; };
		6D57EFF02A37947800E1802D /* CodableFeedStoreTests.swift */ = {isa = PBXFileReference; lastKnownFileType = sourcecode.swift; path = CodableFeedStoreTests.swift; sourceTree = "<group>"; };
		6D5AEE1A2A292E1500AF8DE3 /* HTTPClient.swift */ = {isa = PBXFileReference; lastKnownFileType = sourcecode.swift; path = HTTPClient.swift; sourceTree = "<group>"; };
		6D5AEE1C2A292E8500AF8DE3 /* FeedItemsMapper.swift */ = {isa = PBXFileReference; lastKnownFileType = sourcecode.swift; path = FeedItemsMapper.swift; sourceTree = "<group>"; };
		6D5AEE232A2A6C8C00AF8DE3 /* URLSessionHTTPClientTests.swift */ = {isa = PBXFileReference; lastKnownFileType = sourcecode.swift; path = URLSessionHTTPClientTests.swift; sourceTree = "<group>"; };
		6D8443A12A36141200A67A6C /* ValidateFeedCacheUseCaseTests.swift */ = {isa = PBXFileReference; lastKnownFileType = sourcecode.swift; path = ValidateFeedCacheUseCaseTests.swift; sourceTree = "<group>"; };
		6D8443A32A3617E100A67A6C /* FeedCacheTestHelpers.swift */ = {isa = PBXFileReference; lastKnownFileType = sourcecode.swift; path = FeedCacheTestHelpers.swift; sourceTree = "<group>"; };
		6D8443A52A3619EA00A67A6C /* SharedTestHelpers.swift */ = {isa = PBXFileReference; lastKnownFileType = sourcecode.swift; path = SharedTestHelpers.swift; sourceTree = "<group>"; };
		6D98A3102A3BBDA000C1E6CD /* ManagedCache.swift */ = {isa = PBXFileReference; lastKnownFileType = sourcecode.swift; path = ManagedCache.swift; sourceTree = "<group>"; };
		6D98A3122A3BBDB900C1E6CD /* ManagedFeedImage.swift */ = {isa = PBXFileReference; lastKnownFileType = sourcecode.swift; path = ManagedFeedImage.swift; sourceTree = "<group>"; };
		6D98A31A2A3BC47900C1E6CD /* EssentialFeedCacheIntegrationTests.xctest */ = {isa = PBXFileReference; explicitFileType = wrapper.cfbundle; includeInIndex = 0; path = EssentialFeedCacheIntegrationTests.xctest; sourceTree = BUILT_PRODUCTS_DIR; };
		6D98A31C2A3BC47900C1E6CD /* EssentialFeedCacheIntegrationTests.swift */ = {isa = PBXFileReference; lastKnownFileType = sourcecode.swift; path = EssentialFeedCacheIntegrationTests.swift; sourceTree = "<group>"; };
		6D98A3242A3BC4B000C1E6CD /* EssentialFeedCacheIntegrationTests.xctestplan */ = {isa = PBXFileReference; lastKnownFileType = text; path = EssentialFeedCacheIntegrationTests.xctestplan; sourceTree = "<group>"; };
		6D99F8A32A2B92F8006ECDD4 /* XCTestCase+MemoryLeakTracker.swift */ = {isa = PBXFileReference; lastKnownFileType = sourcecode.swift; path = "XCTestCase+MemoryLeakTracker.swift"; sourceTree = "<group>"; };
		6D99F8A52A2BCB31006ECDD4 /* URLSessionHTTPClient.swift */ = {isa = PBXFileReference; lastKnownFileType = sourcecode.swift; path = URLSessionHTTPClient.swift; sourceTree = "<group>"; };
		6D99F8AB2A2BD2B8006ECDD4 /* EssentialFeedAPIEndToEndTests.xctest */ = {isa = PBXFileReference; explicitFileType = wrapper.cfbundle; includeInIndex = 0; path = EssentialFeedAPIEndToEndTests.xctest; sourceTree = BUILT_PRODUCTS_DIR; };
		6D99F8AD2A2BD2B8006ECDD4 /* EssentialFeedAPIEndToEndTests.swift */ = {isa = PBXFileReference; lastKnownFileType = sourcecode.swift; path = EssentialFeedAPIEndToEndTests.swift; sourceTree = "<group>"; };
		6D99F8B62A2BDA72006ECDD4 /* CI_macOS.xctestplan */ = {isa = PBXFileReference; lastKnownFileType = text; path = CI_macOS.xctestplan; sourceTree = SOURCE_ROOT; };
		6D9B35DC2A34FD220061A87B /* LoadFeedFromCacheUseCaseTests.swift */ = {isa = PBXFileReference; lastKnownFileType = sourcecode.swift; path = LoadFeedFromCacheUseCaseTests.swift; sourceTree = "<group>"; };
		6D9B35DF2A34FDEE0061A87B /* FeedStoreSpy.swift */ = {isa = PBXFileReference; lastKnownFileType = sourcecode.swift; path = FeedStoreSpy.swift; sourceTree = "<group>"; };
		6DC842EE2A2A73080018B0E9 /* EssentialFeed.xctestplan */ = {isa = PBXFileReference; lastKnownFileType = text; path = EssentialFeed.xctestplan; sourceTree = "<group>"; };
/* End PBXFileReference section */

/* Begin PBXFrameworksBuildPhase section */
		6D1A3A0C2A25036E00027018 /* Frameworks */ = {
			isa = PBXFrameworksBuildPhase;
			buildActionMask = 2147483647;
			files = (
			);
			runOnlyForDeploymentPostprocessing = 0;
		};
		6D1A3A142A25036E00027018 /* Frameworks */ = {
			isa = PBXFrameworksBuildPhase;
			buildActionMask = 2147483647;
			files = (
				6D1A3A182A25036E00027018 /* EssentialFeed.framework in Frameworks */,
			);
			runOnlyForDeploymentPostprocessing = 0;
		};
		6D3344252A5AF02B00AB7E43 /* Frameworks */ = {
			isa = PBXFrameworksBuildPhase;
			buildActionMask = 2147483647;
			files = (
				6D1FC9742A99549C004592EF /* EssentialFeed.framework in Frameworks */,
			);
			runOnlyForDeploymentPostprocessing = 0;
		};
		6D33442C2A5AF02B00AB7E43 /* Frameworks */ = {
			isa = PBXFrameworksBuildPhase;
			buildActionMask = 2147483647;
			files = (
				6D3344302A5AF02B00AB7E43 /* EssentialFeediOS.framework in Frameworks */,
			);
			runOnlyForDeploymentPostprocessing = 0;
		};
		6D98A3172A3BC47900C1E6CD /* Frameworks */ = {
			isa = PBXFrameworksBuildPhase;
			buildActionMask = 2147483647;
			files = (
				6D98A31E2A3BC47900C1E6CD /* EssentialFeed.framework in Frameworks */,
			);
			runOnlyForDeploymentPostprocessing = 0;
		};
		6D99F8A82A2BD2B8006ECDD4 /* Frameworks */ = {
			isa = PBXFrameworksBuildPhase;
			buildActionMask = 2147483647;
			files = (
				6D99F8AF2A2BD2B8006ECDD4 /* EssentialFeed.framework in Frameworks */,
			);
			runOnlyForDeploymentPostprocessing = 0;
		};
/* End PBXFrameworksBuildPhase section */

/* Begin PBXGroup section */
		6D098A472A33D07700FB3B6D /* Feed Cache */ = {
			isa = PBXGroup;
			children = (
				6D9B35DE2A34FDDA0061A87B /* Helpers */,
				6D098A482A33D09700FB3B6D /* CacheFeedUseCaseTests.swift */,
				6D9B35DC2A34FD220061A87B /* LoadFeedFromCacheUseCaseTests.swift */,
				6D8443A12A36141200A67A6C /* ValidateFeedCacheUseCaseTests.swift */,
				6D57EFF02A37947800E1802D /* CodableFeedStoreTests.swift */,
				6D4D79AC2A3B9EBD008E8B23 /* CoreDataFeedStoreTests.swift */,
				6D4D79A22A37DCAC008E8B23 /* FeedStoreSpecs.swift */,
			);
			path = "Feed Cache";
			sourceTree = "<group>";
		};
		6D098A4A2A34BC1400FB3B6D /* Feed Cache */ = {
			isa = PBXGroup;
			children = (
				6D98A30F2A3BBD8300C1E6CD /* Infrastructure */,
				6D098A4B2A34BC2800FB3B6D /* LocalFeedLoader.swift */,
				6D098A4D2A34BCAD00FB3B6D /* FeedStore.swift */,
				6D098A512A34E18000FB3B6D /* LocalFeedImage.swift */,
				6D57EFCC2A367A7C00E1802D /* FeedCachePolicy.swift */,
			);
			path = "Feed Cache";
			sourceTree = "<group>";
		};
		6D12CDC22A9B68AF00DAC1B2 /* FeedImageLoader */ = {
			isa = PBXGroup;
			children = (
				6D12CDC32A9B68CE00DAC1B2 /* FeedImageDataLoader.swift */,
			);
			path = FeedImageLoader;
			sourceTree = "<group>";
		};
		6D12CDC52A9B68E700DAC1B2 /* FeedUI */ = {
			isa = PBXGroup;
			children = (
				6D12CDCF2A9B949C00DAC1B2 /* Models */,
				6D12CDCC2A9B721200DAC1B2 /* Composers */,
				6D12CDC62A9B68EE00DAC1B2 /* Controllers */,
				6D12CDC72A9B68F800DAC1B2 /* Views */,
			);
			path = FeedUI;
			sourceTree = "<group>";
		};
		6D12CDC62A9B68EE00DAC1B2 /* Controllers */ = {
			isa = PBXGroup;
			children = (
				6D1FC9722A9950D5004592EF /* FeedViewController.swift */,
				6D12CDC82A9B6B3400DAC1B2 /* FeedRefreshViewController.swift */,
				6D12CDCA2A9B6EC100DAC1B2 /* FeedImageCellController.swift */,
			);
			path = Controllers;
			sourceTree = "<group>";
		};
		6D12CDC72A9B68F800DAC1B2 /* Views */ = {
			isa = PBXGroup;
			children = (
				6D12CDC02A9AA41C00DAC1B2 /* UIView+Shimmering.swift */,
				6D12CDBE2A9A93AB00DAC1B2 /* FeedImageCell.swift */,
			);
			path = Views;
			sourceTree = "<group>";
		};
		6D12CDCC2A9B721200DAC1B2 /* Composers */ = {
			isa = PBXGroup;
			children = (
				6D12CDCD2A9B721C00DAC1B2 /* FeedUIComposer.swift */,
			);
			path = Composers;
			sourceTree = "<group>";
		};
		6D12CDCF2A9B949C00DAC1B2 /* Models */ = {
			isa = PBXGroup;
			children = (
				6D12CDD22A9B9C7100DAC1B2 /* FeedImageViewModel.swift */,
			);
			path = Models;
			sourceTree = "<group>";
		};
		6D12CDD42A9BAF8000DAC1B2 /* FeedPresentation */ = {
			isa = PBXGroup;
			children = (
				6D12CDD52A9BAF9B00DAC1B2 /* FeedPresenter.swift */,
				6D12CDD72A9BBAF600DAC1B2 /* FeedViewModel.swift */,
				6D12CDD92A9BBB0D00DAC1B2 /* FeedLoadingViewModel.swift */,
				6D12CDDB2A9BBB3300DAC1B2 /* FeedImagePresenter.swift */,
			);
			path = FeedPresentation;
			sourceTree = "<group>";
		};
		6D1A3A052A25036E00027018 = {
			isa = PBXGroup;
			children = (
				6D98A32B2A3BCF8800C1E6CD /* TestPlans */,
				6D1A3A112A25036E00027018 /* EssentialFeed */,
				6D1A3A1B2A25036E00027018 /* EssentialFeedTests */,
				6D99F8AC2A2BD2B8006ECDD4 /* EssentialFeedAPIEndToEndTests */,
				6D98A31B2A3BC47900C1E6CD /* EssentialFeedCacheIntegrationTests */,
				6D3344292A5AF02B00AB7E43 /* EssentialFeediOS */,
				6D3344332A5AF02B00AB7E43 /* EssentialFeediOSTests */,
				6D1A3A102A25036E00027018 /* Products */,
				6D1FE1502A9944AF0081E7FF /* Frameworks */,
			);
			sourceTree = "<group>";
		};
		6D1A3A102A25036E00027018 /* Products */ = {
			isa = PBXGroup;
			children = (
				6D1A3A0F2A25036E00027018 /* EssentialFeed.framework */,
				6D1A3A172A25036E00027018 /* EssentialFeedTests.xctest */,
				6D99F8AB2A2BD2B8006ECDD4 /* EssentialFeedAPIEndToEndTests.xctest */,
				6D98A31A2A3BC47900C1E6CD /* EssentialFeedCacheIntegrationTests.xctest */,
				6D3344282A5AF02B00AB7E43 /* EssentialFeediOS.framework */,
				6D33442F2A5AF02B00AB7E43 /* EssentialFeediOSTests.xctest */,
			);
			name = Products;
			sourceTree = "<group>";
		};
		6D1A3A112A25036E00027018 /* EssentialFeed */ = {
			isa = PBXGroup;
			children = (
				6D1A3A122A25036E00027018 /* EssentialFeed.h */,
				6D098A4A2A34BC1400FB3B6D /* Feed Cache */,
				6D1A3A2B2A25046600027018 /* FeadFeature */,
				6D1A3A2C2A25144800027018 /* Feed API */,
			);
			path = EssentialFeed;
			sourceTree = "<group>";
		};
		6D1A3A1B2A25036E00027018 /* EssentialFeedTests */ = {
			isa = PBXGroup;
			children = (
				6D098A472A33D07700FB3B6D /* Feed Cache */,
				6D99F8A22A2B92D3006ECDD4 /* Helpers */,
				6D5AEE1E2A2933BB00AF8DE3 /* Feed API */,
			);
			path = EssentialFeedTests;
			sourceTree = "<group>";
		};
		6D1A3A2B2A25046600027018 /* FeadFeature */ = {
			isa = PBXGroup;
			children = (
				6D1A3A272A2503B100027018 /* FeedImage.swift */,
				6D1A3A292A25040100027018 /* FeedLoader.swift */,
			);
			path = FeadFeature;
			sourceTree = "<group>";
		};
		6D1A3A2C2A25144800027018 /* Feed API */ = {
			isa = PBXGroup;
			children = (
				6D1A3A2D2A25145F00027018 /* RemoteFeedLoader.swift */,
				6D5AEE1C2A292E8500AF8DE3 /* FeedItemsMapper.swift */,
				6D098A4F2A34E15800FB3B6D /* RemoteFeedItem.swift */,
				6D5AEE1A2A292E1500AF8DE3 /* HTTPClient.swift */,
				6D99F8A52A2BCB31006ECDD4 /* URLSessionHTTPClient.swift */,
			);
			path = "Feed API";
			sourceTree = "<group>";
		};
		6D1FE1502A9944AF0081E7FF /* Frameworks */ = {
			isa = PBXGroup;
			children = (
			);
			name = Frameworks;
			sourceTree = "<group>";
		};
		6D3344292A5AF02B00AB7E43 /* EssentialFeediOS */ = {
			isa = PBXGroup;
			children = (
				6D12CDD42A9BAF8000DAC1B2 /* FeedPresentation */,
				6D12CDC22A9B68AF00DAC1B2 /* FeedImageLoader */,
				6D12CDC52A9B68E700DAC1B2 /* FeedUI */,
			);
			path = EssentialFeediOS;
			sourceTree = "<group>";
		};
		6D3344332A5AF02B00AB7E43 /* EssentialFeediOSTests */ = {
			isa = PBXGroup;
			children = (
				6D1FE14E2A9941C00081E7FF /* FeedViewControllerTests.swift */,
			);
			path = EssentialFeediOSTests;
			sourceTree = "<group>";
		};
		6D5AEE1E2A2933BB00AF8DE3 /* Feed API */ = {
			isa = PBXGroup;
			children = (
				6D1A3A1C2A25036E00027018 /* LoadFeedFromRemoteUseCaseTests.swift */,
				6D5AEE232A2A6C8C00AF8DE3 /* URLSessionHTTPClientTests.swift */,
			);
			path = "Feed API";
			sourceTree = "<group>";
		};
		6D98A30F2A3BBD8300C1E6CD /* Infrastructure */ = {
			isa = PBXGroup;
			children = (
				6D98A32A2A3BCEB500C1E6CD /* CoreData */,
				6D98A3292A3BCE7C00C1E6CD /* Codable */,
			);
			path = Infrastructure;
			sourceTree = "<group>";
		};
		6D98A31B2A3BC47900C1E6CD /* EssentialFeedCacheIntegrationTests */ = {
			isa = PBXGroup;
			children = (
				6D98A31C2A3BC47900C1E6CD /* EssentialFeedCacheIntegrationTests.swift */,
			);
			path = EssentialFeedCacheIntegrationTests;
			sourceTree = "<group>";
		};
		6D98A3292A3BCE7C00C1E6CD /* Codable */ = {
			isa = PBXGroup;
			children = (
				6D4D79A02A37C7D9008E8B23 /* CodableFeedStore.swift */,
			);
			path = Codable;
			sourceTree = "<group>";
		};
		6D98A32A2A3BCEB500C1E6CD /* CoreData */ = {
			isa = PBXGroup;
			children = (
				6D4D79B12A3BA6EF008E8B23 /* CoreDataFeedStore.swift */,
				6D4D79AE2A3BA233008E8B23 /* FeedStore.xcdatamodeld */,
				6D98A3102A3BBDA000C1E6CD /* ManagedCache.swift */,
				6D98A3122A3BBDB900C1E6CD /* ManagedFeedImage.swift */,
			);
			path = CoreData;
			sourceTree = "<group>";
		};
		6D98A32B2A3BCF8800C1E6CD /* TestPlans */ = {
			isa = PBXGroup;
			children = (
				6D3344222A5AE7FA00AB7E43 /* EssentialFeedAPIEndToEndTests.xctestplan */,
				6D98A3242A3BC4B000C1E6CD /* EssentialFeedCacheIntegrationTests.xctestplan */,
				6D99F8B62A2BDA72006ECDD4 /* CI_macOS.xctestplan */,
				6D33443D2A5AF1DC00AB7E43 /* CI_iOS.xctestplan */,
				6DC842EE2A2A73080018B0E9 /* EssentialFeed.xctestplan */,
			);
			name = TestPlans;
			sourceTree = "<group>";
		};
		6D99F8A22A2B92D3006ECDD4 /* Helpers */ = {
			isa = PBXGroup;
			children = (
				6D99F8A32A2B92F8006ECDD4 /* XCTestCase+MemoryLeakTracker.swift */,
				6D8443A52A3619EA00A67A6C /* SharedTestHelpers.swift */,
			);
			path = Helpers;
			sourceTree = "<group>";
		};
		6D99F8AC2A2BD2B8006ECDD4 /* EssentialFeedAPIEndToEndTests */ = {
			isa = PBXGroup;
			children = (
				6D99F8AD2A2BD2B8006ECDD4 /* EssentialFeedAPIEndToEndTests.swift */,
			);
			path = EssentialFeedAPIEndToEndTests;
			sourceTree = "<group>";
		};
		6D9B35DE2A34FDDA0061A87B /* Helpers */ = {
			isa = PBXGroup;
			children = (
				6D9B35DF2A34FDEE0061A87B /* FeedStoreSpy.swift */,
				6D8443A32A3617E100A67A6C /* FeedCacheTestHelpers.swift */,
				6D4D79A42A37DD1D008E8B23 /* XCTestCase+FeedStoreSpecs.swift */,
				6D4D79A62A37E13A008E8B23 /* XCTestCase+FailableRetrieveFeedStoreSpecs.swift */,
				6D4D79A82A37E2F5008E8B23 /* XCTestCase+FailableInsertFeedStoreSpecs.swift */,
				6D4D79AA2A37E3FA008E8B23 /* XCTestCase+FailableDeleteFeedStoreSpecs.swift */,
			);
			path = Helpers;
			sourceTree = "<group>";
		};
/* End PBXGroup section */

/* Begin PBXHeadersBuildPhase section */
		6D1A3A0A2A25036E00027018 /* Headers */ = {
			isa = PBXHeadersBuildPhase;
			buildActionMask = 2147483647;
			files = (
				6D1A3A1E2A25036E00027018 /* EssentialFeed.h in Headers */,
			);
			runOnlyForDeploymentPostprocessing = 0;
		};
		6D3344232A5AF02B00AB7E43 /* Headers */ = {
			isa = PBXHeadersBuildPhase;
			buildActionMask = 2147483647;
			files = (
			);
			runOnlyForDeploymentPostprocessing = 0;
		};
/* End PBXHeadersBuildPhase section */

/* Begin PBXNativeTarget section */
		6D1A3A0E2A25036E00027018 /* EssentialFeed */ = {
			isa = PBXNativeTarget;
			buildConfigurationList = 6D1A3A212A25036E00027018 /* Build configuration list for PBXNativeTarget "EssentialFeed" */;
			buildPhases = (
				6D1A3A0A2A25036E00027018 /* Headers */,
				6D1A3A0B2A25036E00027018 /* Sources */,
				6D1A3A0C2A25036E00027018 /* Frameworks */,
				6D1A3A0D2A25036E00027018 /* Resources */,
			);
			buildRules = (
			);
			dependencies = (
			);
			name = EssentialFeed;
			productName = EssentialFeed;
			productReference = 6D1A3A0F2A25036E00027018 /* EssentialFeed.framework */;
			productType = "com.apple.product-type.framework";
		};
		6D1A3A162A25036E00027018 /* EssentialFeedTests */ = {
			isa = PBXNativeTarget;
			buildConfigurationList = 6D1A3A242A25036E00027018 /* Build configuration list for PBXNativeTarget "EssentialFeedTests" */;
			buildPhases = (
				6D1A3A132A25036E00027018 /* Sources */,
				6D1A3A142A25036E00027018 /* Frameworks */,
				6D1A3A152A25036E00027018 /* Resources */,
			);
			buildRules = (
			);
			dependencies = (
				6D1A3A1A2A25036E00027018 /* PBXTargetDependency */,
			);
			name = EssentialFeedTests;
			productName = EssentialFeedTests;
			productReference = 6D1A3A172A25036E00027018 /* EssentialFeedTests.xctest */;
			productType = "com.apple.product-type.bundle.unit-test";
		};
		6D3344272A5AF02B00AB7E43 /* EssentialFeediOS */ = {
			isa = PBXNativeTarget;
			buildConfigurationList = 6D3344372A5AF02B00AB7E43 /* Build configuration list for PBXNativeTarget "EssentialFeediOS" */;
			buildPhases = (
				6D3344232A5AF02B00AB7E43 /* Headers */,
				6D3344242A5AF02B00AB7E43 /* Sources */,
				6D3344252A5AF02B00AB7E43 /* Frameworks */,
				6D3344262A5AF02B00AB7E43 /* Resources */,
				6D1FC9782A99549C004592EF /* Embed Frameworks */,
			);
			buildRules = (
			);
			dependencies = (
				6D1FC9772A99549C004592EF /* PBXTargetDependency */,
			);
			name = EssentialFeediOS;
			productName = EssentialFeediOS;
			productReference = 6D3344282A5AF02B00AB7E43 /* EssentialFeediOS.framework */;
			productType = "com.apple.product-type.framework";
		};
		6D33442E2A5AF02B00AB7E43 /* EssentialFeediOSTests */ = {
			isa = PBXNativeTarget;
			buildConfigurationList = 6D33443A2A5AF02B00AB7E43 /* Build configuration list for PBXNativeTarget "EssentialFeediOSTests" */;
			buildPhases = (
				6D33442B2A5AF02B00AB7E43 /* Sources */,
				6D33442C2A5AF02B00AB7E43 /* Frameworks */,
				6D33442D2A5AF02B00AB7E43 /* Resources */,
			);
			buildRules = (
			);
			dependencies = (
				6D3344322A5AF02B00AB7E43 /* PBXTargetDependency */,
			);
			name = EssentialFeediOSTests;
			productName = EssentialFeediOSTests;
			productReference = 6D33442F2A5AF02B00AB7E43 /* EssentialFeediOSTests.xctest */;
			productType = "com.apple.product-type.bundle.unit-test";
		};
		6D98A3192A3BC47900C1E6CD /* EssentialFeedCacheIntegrationTests */ = {
			isa = PBXNativeTarget;
			buildConfigurationList = 6D98A3232A3BC47900C1E6CD /* Build configuration list for PBXNativeTarget "EssentialFeedCacheIntegrationTests" */;
			buildPhases = (
				6D98A3162A3BC47900C1E6CD /* Sources */,
				6D98A3172A3BC47900C1E6CD /* Frameworks */,
				6D98A3182A3BC47900C1E6CD /* Resources */,
			);
			buildRules = (
			);
			dependencies = (
				6D98A3202A3BC47900C1E6CD /* PBXTargetDependency */,
			);
			name = EssentialFeedCacheIntegrationTests;
			productName = EssentialFeedCacheIntegrationTests;
			productReference = 6D98A31A2A3BC47900C1E6CD /* EssentialFeedCacheIntegrationTests.xctest */;
			productType = "com.apple.product-type.bundle.unit-test";
		};
		6D99F8AA2A2BD2B8006ECDD4 /* EssentialFeedAPIEndToEndTests */ = {
			isa = PBXNativeTarget;
			buildConfigurationList = 6D99F8B22A2BD2B8006ECDD4 /* Build configuration list for PBXNativeTarget "EssentialFeedAPIEndToEndTests" */;
			buildPhases = (
				6D99F8A72A2BD2B8006ECDD4 /* Sources */,
				6D99F8A82A2BD2B8006ECDD4 /* Frameworks */,
				6D99F8A92A2BD2B8006ECDD4 /* Resources */,
			);
			buildRules = (
			);
			dependencies = (
				6D99F8B12A2BD2B8006ECDD4 /* PBXTargetDependency */,
			);
			name = EssentialFeedAPIEndToEndTests;
			productName = EssentialFeedAPIEndToEndTests;
			productReference = 6D99F8AB2A2BD2B8006ECDD4 /* EssentialFeedAPIEndToEndTests.xctest */;
			productType = "com.apple.product-type.bundle.unit-test";
		};
/* End PBXNativeTarget section */

/* Begin PBXProject section */
		6D1A3A062A25036E00027018 /* Project object */ = {
			isa = PBXProject;
			attributes = {
				BuildIndependentTargetsInParallel = 1;
				LastSwiftUpdateCheck = 1430;
				LastUpgradeCheck = 1430;
				TargetAttributes = {
					6D1A3A0E2A25036E00027018 = {
						CreatedOnToolsVersion = 14.3;
						LastSwiftMigration = 1430;
					};
					6D1A3A162A25036E00027018 = {
						CreatedOnToolsVersion = 14.3;
					};
					6D3344272A5AF02B00AB7E43 = {
						CreatedOnToolsVersion = 14.3.1;
						LastSwiftMigration = 1430;
					};
					6D33442E2A5AF02B00AB7E43 = {
						CreatedOnToolsVersion = 14.3.1;
						LastSwiftMigration = 1430;
					};
					6D98A3192A3BC47900C1E6CD = {
						CreatedOnToolsVersion = 14.3.1;
					};
					6D99F8AA2A2BD2B8006ECDD4 = {
						CreatedOnToolsVersion = 14.3;
					};
				};
			};
			buildConfigurationList = 6D1A3A092A25036E00027018 /* Build configuration list for PBXProject "EssentialFeed" */;
			compatibilityVersion = "Xcode 14.0";
			developmentRegion = en;
			hasScannedForEncodings = 0;
			knownRegions = (
				en,
				Base,
			);
			mainGroup = 6D1A3A052A25036E00027018;
			productRefGroup = 6D1A3A102A25036E00027018 /* Products */;
			projectDirPath = "";
			projectRoot = "";
			targets = (
				6D1A3A0E2A25036E00027018 /* EssentialFeed */,
				6D1A3A162A25036E00027018 /* EssentialFeedTests */,
				6D99F8AA2A2BD2B8006ECDD4 /* EssentialFeedAPIEndToEndTests */,
				6D98A3192A3BC47900C1E6CD /* EssentialFeedCacheIntegrationTests */,
				6D3344272A5AF02B00AB7E43 /* EssentialFeediOS */,
				6D33442E2A5AF02B00AB7E43 /* EssentialFeediOSTests */,
			);
		};
/* End PBXProject section */

/* Begin PBXResourcesBuildPhase section */
		6D1A3A0D2A25036E00027018 /* Resources */ = {
			isa = PBXResourcesBuildPhase;
			buildActionMask = 2147483647;
			files = (
			);
			runOnlyForDeploymentPostprocessing = 0;
		};
		6D1A3A152A25036E00027018 /* Resources */ = {
			isa = PBXResourcesBuildPhase;
			buildActionMask = 2147483647;
			files = (
			);
			runOnlyForDeploymentPostprocessing = 0;
		};
		6D3344262A5AF02B00AB7E43 /* Resources */ = {
			isa = PBXResourcesBuildPhase;
			buildActionMask = 2147483647;
			files = (
			);
			runOnlyForDeploymentPostprocessing = 0;
		};
		6D33442D2A5AF02B00AB7E43 /* Resources */ = {
			isa = PBXResourcesBuildPhase;
			buildActionMask = 2147483647;
			files = (
			);
			runOnlyForDeploymentPostprocessing = 0;
		};
		6D98A3182A3BC47900C1E6CD /* Resources */ = {
			isa = PBXResourcesBuildPhase;
			buildActionMask = 2147483647;
			files = (
			);
			runOnlyForDeploymentPostprocessing = 0;
		};
		6D99F8A92A2BD2B8006ECDD4 /* Resources */ = {
			isa = PBXResourcesBuildPhase;
			buildActionMask = 2147483647;
			files = (
			);
			runOnlyForDeploymentPostprocessing = 0;
		};
/* End PBXResourcesBuildPhase section */

/* Begin PBXSourcesBuildPhase section */
		6D1A3A0B2A25036E00027018 /* Sources */ = {
			isa = PBXSourcesBuildPhase;
			buildActionMask = 2147483647;
			files = (
				6D98A3112A3BBDA000C1E6CD /* ManagedCache.swift in Sources */,
				6D4D79B02A3BA233008E8B23 /* FeedStore.xcdatamodeld in Sources */,
				6D1A3A2A2A25040100027018 /* FeedLoader.swift in Sources */,
				6D098A502A34E15800FB3B6D /* RemoteFeedItem.swift in Sources */,
				6D1A3A2E2A25145F00027018 /* RemoteFeedLoader.swift in Sources */,
				6D98A3132A3BBDB900C1E6CD /* ManagedFeedImage.swift in Sources */,
				6D57EFCD2A367A7C00E1802D /* FeedCachePolicy.swift in Sources */,
				6D098A522A34E18000FB3B6D /* LocalFeedImage.swift in Sources */,
				6D4D79B22A3BA6EF008E8B23 /* CoreDataFeedStore.swift in Sources */,
				6D098A4E2A34BCAD00FB3B6D /* FeedStore.swift in Sources */,
				6D9B35DB2A34E42A0061A87B /* FeedItemsMapper.swift in Sources */,
				6D098A4C2A34BC2800FB3B6D /* LocalFeedLoader.swift in Sources */,
				6D4D79A12A37C7D9008E8B23 /* CodableFeedStore.swift in Sources */,
				6D5AEE1B2A292E1500AF8DE3 /* HTTPClient.swift in Sources */,
				6D1A3A282A2503B100027018 /* FeedImage.swift in Sources */,
				6D99F8A62A2BCB31006ECDD4 /* URLSessionHTTPClient.swift in Sources */,
			);
			runOnlyForDeploymentPostprocessing = 0;
		};
		6D1A3A132A25036E00027018 /* Sources */ = {
			isa = PBXSourcesBuildPhase;
			buildActionMask = 2147483647;
			files = (
				6D57EFF12A37947800E1802D /* CodableFeedStoreTests.swift in Sources */,
				6D8443A42A3617E100A67A6C /* FeedCacheTestHelpers.swift in Sources */,
				6D8443A22A36141200A67A6C /* ValidateFeedCacheUseCaseTests.swift in Sources */,
				6D1A3A1D2A25036E00027018 /* LoadFeedFromRemoteUseCaseTests.swift in Sources */,
				6D4D79A92A37E2F5008E8B23 /* XCTestCase+FailableInsertFeedStoreSpecs.swift in Sources */,
				6D99F8A42A2B92F8006ECDD4 /* XCTestCase+MemoryLeakTracker.swift in Sources */,
				6D9B35E02A34FDEE0061A87B /* FeedStoreSpy.swift in Sources */,
				6D8443A62A3619EA00A67A6C /* SharedTestHelpers.swift in Sources */,
				6D098A492A33D09700FB3B6D /* CacheFeedUseCaseTests.swift in Sources */,
				6D4D79AB2A37E3FA008E8B23 /* XCTestCase+FailableDeleteFeedStoreSpecs.swift in Sources */,
				6D4D79A72A37E13A008E8B23 /* XCTestCase+FailableRetrieveFeedStoreSpecs.swift in Sources */,
				6D9B35DD2A34FD220061A87B /* LoadFeedFromCacheUseCaseTests.swift in Sources */,
				6D4D79A32A37DCAC008E8B23 /* FeedStoreSpecs.swift in Sources */,
				6D5AEE242A2A6C8C00AF8DE3 /* URLSessionHTTPClientTests.swift in Sources */,
				6D4D79AD2A3B9EBD008E8B23 /* CoreDataFeedStoreTests.swift in Sources */,
				6D4D79A52A37DD1D008E8B23 /* XCTestCase+FeedStoreSpecs.swift in Sources */,
			);
			runOnlyForDeploymentPostprocessing = 0;
		};
		6D3344242A5AF02B00AB7E43 /* Sources */ = {
			isa = PBXSourcesBuildPhase;
			buildActionMask = 2147483647;
			files = (
				6D12CDD82A9BBAF600DAC1B2 /* FeedViewModel.swift in Sources */,
				6D12CDD62A9BAF9B00DAC1B2 /* FeedPresenter.swift in Sources */,
				6D12CDC42A9B68CE00DAC1B2 /* FeedImageDataLoader.swift in Sources */,
				6D12CDDA2A9BBB0D00DAC1B2 /* FeedLoadingViewModel.swift in Sources */,
				6D12CDC92A9B6B3400DAC1B2 /* FeedRefreshViewController.swift in Sources */,
				6D12CDC12A9AA41C00DAC1B2 /* UIView+Shimmering.swift in Sources */,
				6D1FC9732A9950D5004592EF /* FeedViewController.swift in Sources */,
				6D12CDBF2A9A93AB00DAC1B2 /* FeedImageCell.swift in Sources */,
				6D12CDD32A9B9C7100DAC1B2 /* FeedImageViewModel.swift in Sources */,
				6D12CDCB2A9B6EC100DAC1B2 /* FeedImageCellController.swift in Sources */,
				6D12CDDC2A9BBB3300DAC1B2 /* FeedImagePresenter.swift in Sources */,
				6D12CDCE2A9B721C00DAC1B2 /* FeedUIComposer.swift in Sources */,
			);
			runOnlyForDeploymentPostprocessing = 0;
		};
		6D33442B2A5AF02B00AB7E43 /* Sources */ = {
			isa = PBXSourcesBuildPhase;
			buildActionMask = 2147483647;
			files = (
				6D1FE14F2A9941C00081E7FF /* FeedViewControllerTests.swift in Sources */,
				6D1FE1562A9945B10081E7FF /* XCTestCase+MemoryLeakTracker.swift in Sources */,
			);
			runOnlyForDeploymentPostprocessing = 0;
		};
		6D98A3162A3BC47900C1E6CD /* Sources */ = {
			isa = PBXSourcesBuildPhase;
			buildActionMask = 2147483647;
			files = (
				6D98A3282A3BCA3500C1E6CD /* SharedTestHelpers.swift in Sources */,
				6D98A31D2A3BC47900C1E6CD /* EssentialFeedCacheIntegrationTests.swift in Sources */,
				6D98A3272A3BCA0800C1E6CD /* FeedCacheTestHelpers.swift in Sources */,
				6D98A3252A3BC6E800C1E6CD /* XCTestCase+MemoryLeakTracker.swift in Sources */,
			);
			runOnlyForDeploymentPostprocessing = 0;
		};
		6D99F8A72A2BD2B8006ECDD4 /* Sources */ = {
			isa = PBXSourcesBuildPhase;
			buildActionMask = 2147483647;
			files = (
				6D99F8AE2A2BD2B8006ECDD4 /* EssentialFeedAPIEndToEndTests.swift in Sources */,
				6D99F8B52A2BD962006ECDD4 /* XCTestCase+MemoryLeakTracker.swift in Sources */,
			);
			runOnlyForDeploymentPostprocessing = 0;
		};
/* End PBXSourcesBuildPhase section */

/* Begin PBXTargetDependency section */
		6D1A3A1A2A25036E00027018 /* PBXTargetDependency */ = {
			isa = PBXTargetDependency;
			target = 6D1A3A0E2A25036E00027018 /* EssentialFeed */;
			targetProxy = 6D1A3A192A25036E00027018 /* PBXContainerItemProxy */;
		};
		6D1FC9772A99549C004592EF /* PBXTargetDependency */ = {
			isa = PBXTargetDependency;
			target = 6D1A3A0E2A25036E00027018 /* EssentialFeed */;
			targetProxy = 6D1FC9762A99549C004592EF /* PBXContainerItemProxy */;
		};
		6D3344322A5AF02B00AB7E43 /* PBXTargetDependency */ = {
			isa = PBXTargetDependency;
			target = 6D3344272A5AF02B00AB7E43 /* EssentialFeediOS */;
			targetProxy = 6D3344312A5AF02B00AB7E43 /* PBXContainerItemProxy */;
		};
		6D98A3202A3BC47900C1E6CD /* PBXTargetDependency */ = {
			isa = PBXTargetDependency;
			target = 6D1A3A0E2A25036E00027018 /* EssentialFeed */;
			targetProxy = 6D98A31F2A3BC47900C1E6CD /* PBXContainerItemProxy */;
		};
		6D99F8B12A2BD2B8006ECDD4 /* PBXTargetDependency */ = {
			isa = PBXTargetDependency;
			target = 6D1A3A0E2A25036E00027018 /* EssentialFeed */;
			targetProxy = 6D99F8B02A2BD2B8006ECDD4 /* PBXContainerItemProxy */;
		};
/* End PBXTargetDependency section */

/* Begin XCBuildConfiguration section */
		6D1A3A1F2A25036E00027018 /* Debug */ = {
			isa = XCBuildConfiguration;
			buildSettings = {
				ALWAYS_SEARCH_USER_PATHS = NO;
				CLANG_ANALYZER_NONNULL = YES;
				CLANG_ANALYZER_NUMBER_OBJECT_CONVERSION = YES_AGGRESSIVE;
				CLANG_CXX_LANGUAGE_STANDARD = "gnu++20";
				CLANG_ENABLE_MODULES = YES;
				CLANG_ENABLE_OBJC_ARC = YES;
				CLANG_ENABLE_OBJC_WEAK = YES;
				CLANG_WARN_BLOCK_CAPTURE_AUTORELEASING = YES;
				CLANG_WARN_BOOL_CONVERSION = YES;
				CLANG_WARN_COMMA = YES;
				CLANG_WARN_CONSTANT_CONVERSION = YES;
				CLANG_WARN_DEPRECATED_OBJC_IMPLEMENTATIONS = YES;
				CLANG_WARN_DIRECT_OBJC_ISA_USAGE = YES_ERROR;
				CLANG_WARN_DOCUMENTATION_COMMENTS = YES;
				CLANG_WARN_EMPTY_BODY = YES;
				CLANG_WARN_ENUM_CONVERSION = YES;
				CLANG_WARN_INFINITE_RECURSION = YES;
				CLANG_WARN_INT_CONVERSION = YES;
				CLANG_WARN_NON_LITERAL_NULL_CONVERSION = YES;
				CLANG_WARN_OBJC_IMPLICIT_RETAIN_SELF = YES;
				CLANG_WARN_OBJC_LITERAL_CONVERSION = YES;
				CLANG_WARN_OBJC_ROOT_CLASS = YES_ERROR;
				CLANG_WARN_QUOTED_INCLUDE_IN_FRAMEWORK_HEADER = YES;
				CLANG_WARN_RANGE_LOOP_ANALYSIS = YES;
				CLANG_WARN_STRICT_PROTOTYPES = YES;
				CLANG_WARN_SUSPICIOUS_MOVE = YES;
				CLANG_WARN_UNGUARDED_AVAILABILITY = YES_AGGRESSIVE;
				CLANG_WARN_UNREACHABLE_CODE = YES;
				CLANG_WARN__DUPLICATE_METHOD_MATCH = YES;
				COPY_PHASE_STRIP = NO;
				CURRENT_PROJECT_VERSION = 1;
				DEBUG_INFORMATION_FORMAT = dwarf;
				ENABLE_STRICT_OBJC_MSGSEND = YES;
				ENABLE_TESTABILITY = YES;
				GCC_C_LANGUAGE_STANDARD = gnu11;
				GCC_DYNAMIC_NO_PIC = NO;
				GCC_NO_COMMON_BLOCKS = YES;
				GCC_OPTIMIZATION_LEVEL = 0;
				GCC_PREPROCESSOR_DEFINITIONS = (
					"DEBUG=1",
					"$(inherited)",
				);
				GCC_WARN_64_TO_32_BIT_CONVERSION = YES;
				GCC_WARN_ABOUT_RETURN_TYPE = YES_ERROR;
				GCC_WARN_UNDECLARED_SELECTOR = YES;
				GCC_WARN_UNINITIALIZED_AUTOS = YES_AGGRESSIVE;
				GCC_WARN_UNUSED_FUNCTION = YES;
				GCC_WARN_UNUSED_VARIABLE = YES;
				MACOSX_DEPLOYMENT_TARGET = 13.3;
				MTL_ENABLE_DEBUG_INFO = INCLUDE_SOURCE;
				MTL_FAST_MATH = YES;
				ONLY_ACTIVE_ARCH = YES;
				SDKROOT = macosx;
				SWIFT_ACTIVE_COMPILATION_CONDITIONS = DEBUG;
				SWIFT_OPTIMIZATION_LEVEL = "-Onone";
				VERSIONING_SYSTEM = "apple-generic";
				VERSION_INFO_PREFIX = "";
			};
			name = Debug;
		};
		6D1A3A202A25036E00027018 /* Release */ = {
			isa = XCBuildConfiguration;
			buildSettings = {
				ALWAYS_SEARCH_USER_PATHS = NO;
				CLANG_ANALYZER_NONNULL = YES;
				CLANG_ANALYZER_NUMBER_OBJECT_CONVERSION = YES_AGGRESSIVE;
				CLANG_CXX_LANGUAGE_STANDARD = "gnu++20";
				CLANG_ENABLE_MODULES = YES;
				CLANG_ENABLE_OBJC_ARC = YES;
				CLANG_ENABLE_OBJC_WEAK = YES;
				CLANG_WARN_BLOCK_CAPTURE_AUTORELEASING = YES;
				CLANG_WARN_BOOL_CONVERSION = YES;
				CLANG_WARN_COMMA = YES;
				CLANG_WARN_CONSTANT_CONVERSION = YES;
				CLANG_WARN_DEPRECATED_OBJC_IMPLEMENTATIONS = YES;
				CLANG_WARN_DIRECT_OBJC_ISA_USAGE = YES_ERROR;
				CLANG_WARN_DOCUMENTATION_COMMENTS = YES;
				CLANG_WARN_EMPTY_BODY = YES;
				CLANG_WARN_ENUM_CONVERSION = YES;
				CLANG_WARN_INFINITE_RECURSION = YES;
				CLANG_WARN_INT_CONVERSION = YES;
				CLANG_WARN_NON_LITERAL_NULL_CONVERSION = YES;
				CLANG_WARN_OBJC_IMPLICIT_RETAIN_SELF = YES;
				CLANG_WARN_OBJC_LITERAL_CONVERSION = YES;
				CLANG_WARN_OBJC_ROOT_CLASS = YES_ERROR;
				CLANG_WARN_QUOTED_INCLUDE_IN_FRAMEWORK_HEADER = YES;
				CLANG_WARN_RANGE_LOOP_ANALYSIS = YES;
				CLANG_WARN_STRICT_PROTOTYPES = YES;
				CLANG_WARN_SUSPICIOUS_MOVE = YES;
				CLANG_WARN_UNGUARDED_AVAILABILITY = YES_AGGRESSIVE;
				CLANG_WARN_UNREACHABLE_CODE = YES;
				CLANG_WARN__DUPLICATE_METHOD_MATCH = YES;
				COPY_PHASE_STRIP = NO;
				CURRENT_PROJECT_VERSION = 1;
				DEBUG_INFORMATION_FORMAT = "dwarf-with-dsym";
				ENABLE_NS_ASSERTIONS = NO;
				ENABLE_STRICT_OBJC_MSGSEND = YES;
				GCC_C_LANGUAGE_STANDARD = gnu11;
				GCC_NO_COMMON_BLOCKS = YES;
				GCC_WARN_64_TO_32_BIT_CONVERSION = YES;
				GCC_WARN_ABOUT_RETURN_TYPE = YES_ERROR;
				GCC_WARN_UNDECLARED_SELECTOR = YES;
				GCC_WARN_UNINITIALIZED_AUTOS = YES_AGGRESSIVE;
				GCC_WARN_UNUSED_FUNCTION = YES;
				GCC_WARN_UNUSED_VARIABLE = YES;
				MACOSX_DEPLOYMENT_TARGET = 13.3;
				MTL_ENABLE_DEBUG_INFO = NO;
				MTL_FAST_MATH = YES;
				SDKROOT = macosx;
				SWIFT_COMPILATION_MODE = wholemodule;
				SWIFT_OPTIMIZATION_LEVEL = "-O";
				VERSIONING_SYSTEM = "apple-generic";
				VERSION_INFO_PREFIX = "";
			};
			name = Release;
		};
		6D1A3A222A25036E00027018 /* Debug */ = {
			isa = XCBuildConfiguration;
			buildSettings = {
				CLANG_ENABLE_MODULES = YES;
				CODE_SIGN_STYLE = Automatic;
				COMBINE_HIDPI_IMAGES = YES;
				CURRENT_PROJECT_VERSION = 1;
				DEFINES_MODULE = YES;
				DEVELOPMENT_TEAM = T6G7397HUK;
				DYLIB_COMPATIBILITY_VERSION = 1;
				DYLIB_CURRENT_VERSION = 1;
				DYLIB_INSTALL_NAME_BASE = "@rpath";
				ENABLE_MODULE_VERIFIER = YES;
				GENERATE_INFOPLIST_FILE = YES;
				INFOPLIST_KEY_NSHumanReadableCopyright = "";
				INSTALL_PATH = "$(LOCAL_LIBRARY_DIR)/Frameworks";
				IPHONEOS_DEPLOYMENT_TARGET = 16.2;
				LD_RUNPATH_SEARCH_PATHS = (
					"$(inherited)",
					"@executable_path/../Frameworks",
					"@loader_path/Frameworks",
				);
				MACOSX_DEPLOYMENT_TARGET = 12.4;
				MARKETING_VERSION = 1.0;
				MODULE_VERIFIER_SUPPORTED_LANGUAGES = "objective-c objective-c++";
				MODULE_VERIFIER_SUPPORTED_LANGUAGE_STANDARDS = "gnu11 gnu++20";
				PRODUCT_BUNDLE_IDENTIFIER = com.gmail.thethunderwrath.EssentialFeed;
				PRODUCT_NAME = "$(TARGET_NAME:c99extidentifier)";
				SKIP_INSTALL = YES;
				SUPPORTED_PLATFORMS = "iphoneos iphonesimulator macosx";
				SUPPORTS_MACCATALYST = NO;
				SUPPORTS_MAC_DESIGNED_FOR_IPHONE_IPAD = NO;
				SWIFT_EMIT_LOC_STRINGS = YES;
				SWIFT_OPTIMIZATION_LEVEL = "-Onone";
				SWIFT_VERSION = 5.0;
				TARGETED_DEVICE_FAMILY = 1;
			};
			name = Debug;
		};
		6D1A3A232A25036E00027018 /* Release */ = {
			isa = XCBuildConfiguration;
			buildSettings = {
				CLANG_ENABLE_MODULES = YES;
				CODE_SIGN_STYLE = Automatic;
				COMBINE_HIDPI_IMAGES = YES;
				CURRENT_PROJECT_VERSION = 1;
				DEFINES_MODULE = YES;
				DEVELOPMENT_TEAM = T6G7397HUK;
				DYLIB_COMPATIBILITY_VERSION = 1;
				DYLIB_CURRENT_VERSION = 1;
				DYLIB_INSTALL_NAME_BASE = "@rpath";
				ENABLE_MODULE_VERIFIER = YES;
				GENERATE_INFOPLIST_FILE = YES;
				INFOPLIST_KEY_NSHumanReadableCopyright = "";
				INSTALL_PATH = "$(LOCAL_LIBRARY_DIR)/Frameworks";
				IPHONEOS_DEPLOYMENT_TARGET = 16.2;
				LD_RUNPATH_SEARCH_PATHS = (
					"$(inherited)",
					"@executable_path/../Frameworks",
					"@loader_path/Frameworks",
				);
				MACOSX_DEPLOYMENT_TARGET = 12.4;
				MARKETING_VERSION = 1.0;
				MODULE_VERIFIER_SUPPORTED_LANGUAGES = "objective-c objective-c++";
				MODULE_VERIFIER_SUPPORTED_LANGUAGE_STANDARDS = "gnu11 gnu++20";
				PRODUCT_BUNDLE_IDENTIFIER = com.gmail.thethunderwrath.EssentialFeed;
				PRODUCT_NAME = "$(TARGET_NAME:c99extidentifier)";
				SKIP_INSTALL = YES;
				SUPPORTED_PLATFORMS = "iphoneos iphonesimulator macosx";
				SUPPORTS_MACCATALYST = NO;
				SUPPORTS_MAC_DESIGNED_FOR_IPHONE_IPAD = NO;
				SWIFT_EMIT_LOC_STRINGS = YES;
				SWIFT_VERSION = 5.0;
				TARGETED_DEVICE_FAMILY = 1;
			};
			name = Release;
		};
		6D1A3A252A25036E00027018 /* Debug */ = {
			isa = XCBuildConfiguration;
			buildSettings = {
				ALWAYS_EMBED_SWIFT_STANDARD_LIBRARIES = YES;
				CODE_SIGN_STYLE = Automatic;
				CURRENT_PROJECT_VERSION = 1;
				DEVELOPMENT_TEAM = T6G7397HUK;
				GENERATE_INFOPLIST_FILE = YES;
				IPHONEOS_DEPLOYMENT_TARGET = 16.2;
				MACOSX_DEPLOYMENT_TARGET = 12.4;
				MARKETING_VERSION = 1.0;
				PRODUCT_BUNDLE_IDENTIFIER = com.gmail.thethunderwrath.EssentialFeedTests;
				PRODUCT_NAME = "$(TARGET_NAME)";
				SUPPORTED_PLATFORMS = "iphoneos iphonesimulator macosx";
				SUPPORTS_MACCATALYST = NO;
				SUPPORTS_MAC_DESIGNED_FOR_IPHONE_IPAD = NO;
				SWIFT_EMIT_LOC_STRINGS = NO;
				SWIFT_VERSION = 5.0;
				TARGETED_DEVICE_FAMILY = 1;
			};
			name = Debug;
		};
		6D1A3A262A25036E00027018 /* Release */ = {
			isa = XCBuildConfiguration;
			buildSettings = {
				ALWAYS_EMBED_SWIFT_STANDARD_LIBRARIES = YES;
				CODE_SIGN_STYLE = Automatic;
				CURRENT_PROJECT_VERSION = 1;
				DEVELOPMENT_TEAM = T6G7397HUK;
				GENERATE_INFOPLIST_FILE = YES;
				IPHONEOS_DEPLOYMENT_TARGET = 16.2;
				MACOSX_DEPLOYMENT_TARGET = 12.4;
				MARKETING_VERSION = 1.0;
				PRODUCT_BUNDLE_IDENTIFIER = com.gmail.thethunderwrath.EssentialFeedTests;
				PRODUCT_NAME = "$(TARGET_NAME)";
				SUPPORTED_PLATFORMS = "iphoneos iphonesimulator macosx";
				SUPPORTS_MACCATALYST = NO;
				SUPPORTS_MAC_DESIGNED_FOR_IPHONE_IPAD = NO;
				SWIFT_EMIT_LOC_STRINGS = NO;
				SWIFT_VERSION = 5.0;
				TARGETED_DEVICE_FAMILY = 1;
			};
			name = Release;
		};
		6D3344382A5AF02B00AB7E43 /* Debug */ = {
			isa = XCBuildConfiguration;
			buildSettings = {
				CLANG_ENABLE_MODULES = YES;
				CODE_SIGN_STYLE = Automatic;
				CURRENT_PROJECT_VERSION = 1;
				DEFINES_MODULE = YES;
				DEVELOPMENT_TEAM = T6G7397HUK;
				DYLIB_COMPATIBILITY_VERSION = 1;
				DYLIB_CURRENT_VERSION = 1;
				DYLIB_INSTALL_NAME_BASE = "@rpath";
				ENABLE_MODULE_VERIFIER = YES;
				GENERATE_INFOPLIST_FILE = YES;
				INFOPLIST_KEY_NSHumanReadableCopyright = "";
				INSTALL_PATH = "$(LOCAL_LIBRARY_DIR)/Frameworks";
				IPHONEOS_DEPLOYMENT_TARGET = 16.2;
				LD_RUNPATH_SEARCH_PATHS = (
					"$(inherited)",
					"@executable_path/Frameworks",
					"@loader_path/Frameworks",
				);
				MARKETING_VERSION = 1.0;
				MODULE_VERIFIER_SUPPORTED_LANGUAGES = "objective-c objective-c++";
				MODULE_VERIFIER_SUPPORTED_LANGUAGE_STANDARDS = "gnu11 gnu++20";
				PRODUCT_BUNDLE_IDENTIFIER = com.gmail.thethunderwrath.EssentialFeediOS;
				PRODUCT_NAME = "$(TARGET_NAME:c99extidentifier)";
				SDKROOT = iphoneos;
				SKIP_INSTALL = YES;
				SUPPORTED_PLATFORMS = "iphoneos iphonesimulator";
				SUPPORTS_MACCATALYST = NO;
				SUPPORTS_MAC_DESIGNED_FOR_IPHONE_IPAD = NO;
				SWIFT_EMIT_LOC_STRINGS = YES;
				SWIFT_OPTIMIZATION_LEVEL = "-Onone";
				SWIFT_VERSION = 5.0;
				TARGETED_DEVICE_FAMILY = "1,2";
			};
			name = Debug;
		};
		6D3344392A5AF02B00AB7E43 /* Release */ = {
			isa = XCBuildConfiguration;
			buildSettings = {
				CLANG_ENABLE_MODULES = YES;
				CODE_SIGN_STYLE = Automatic;
				CURRENT_PROJECT_VERSION = 1;
				DEFINES_MODULE = YES;
				DEVELOPMENT_TEAM = T6G7397HUK;
				DYLIB_COMPATIBILITY_VERSION = 1;
				DYLIB_CURRENT_VERSION = 1;
				DYLIB_INSTALL_NAME_BASE = "@rpath";
				ENABLE_MODULE_VERIFIER = YES;
				GENERATE_INFOPLIST_FILE = YES;
				INFOPLIST_KEY_NSHumanReadableCopyright = "";
				INSTALL_PATH = "$(LOCAL_LIBRARY_DIR)/Frameworks";
				IPHONEOS_DEPLOYMENT_TARGET = 16.2;
				LD_RUNPATH_SEARCH_PATHS = (
					"$(inherited)",
					"@executable_path/Frameworks",
					"@loader_path/Frameworks",
				);
				MARKETING_VERSION = 1.0;
				MODULE_VERIFIER_SUPPORTED_LANGUAGES = "objective-c objective-c++";
				MODULE_VERIFIER_SUPPORTED_LANGUAGE_STANDARDS = "gnu11 gnu++20";
				PRODUCT_BUNDLE_IDENTIFIER = com.gmail.thethunderwrath.EssentialFeediOS;
				PRODUCT_NAME = "$(TARGET_NAME:c99extidentifier)";
				SDKROOT = iphoneos;
				SKIP_INSTALL = YES;
				SUPPORTED_PLATFORMS = "iphoneos iphonesimulator";
				SUPPORTS_MACCATALYST = NO;
				SUPPORTS_MAC_DESIGNED_FOR_IPHONE_IPAD = NO;
				SWIFT_EMIT_LOC_STRINGS = YES;
				SWIFT_VERSION = 5.0;
				TARGETED_DEVICE_FAMILY = "1,2";
				VALIDATE_PRODUCT = YES;
			};
			name = Release;
		};
		6D33443B2A5AF02B00AB7E43 /* Debug */ = {
			isa = XCBuildConfiguration;
			buildSettings = {
				ALWAYS_EMBED_SWIFT_STANDARD_LIBRARIES = YES;
				CLANG_ENABLE_MODULES = YES;
				CODE_SIGN_STYLE = Automatic;
				CURRENT_PROJECT_VERSION = 1;
				DEVELOPMENT_TEAM = T6G7397HUK;
				GENERATE_INFOPLIST_FILE = YES;
				IPHONEOS_DEPLOYMENT_TARGET = 16.2;
				MARKETING_VERSION = 1.0;
				PRODUCT_BUNDLE_IDENTIFIER = com.gmail.thethunderwrath.EssentialFeediOSTests;
				PRODUCT_NAME = "$(TARGET_NAME)";
				SDKROOT = iphoneos;
				SUPPORTED_PLATFORMS = "iphoneos iphonesimulator";
				SUPPORTS_MACCATALYST = NO;
				SUPPORTS_MAC_DESIGNED_FOR_IPHONE_IPAD = NO;
				SWIFT_EMIT_LOC_STRINGS = NO;
				SWIFT_OBJC_BRIDGING_HEADER = "";
				SWIFT_OPTIMIZATION_LEVEL = "-Onone";
				SWIFT_VERSION = 5.0;
				TARGETED_DEVICE_FAMILY = "1,2";
			};
			name = Debug;
		};
		6D33443C2A5AF02B00AB7E43 /* Release */ = {
			isa = XCBuildConfiguration;
			buildSettings = {
				ALWAYS_EMBED_SWIFT_STANDARD_LIBRARIES = YES;
				CLANG_ENABLE_MODULES = YES;
				CODE_SIGN_STYLE = Automatic;
				CURRENT_PROJECT_VERSION = 1;
				DEVELOPMENT_TEAM = T6G7397HUK;
				GENERATE_INFOPLIST_FILE = YES;
				IPHONEOS_DEPLOYMENT_TARGET = 16.2;
				MARKETING_VERSION = 1.0;
				PRODUCT_BUNDLE_IDENTIFIER = com.gmail.thethunderwrath.EssentialFeediOSTests;
				PRODUCT_NAME = "$(TARGET_NAME)";
				SDKROOT = iphoneos;
				SUPPORTED_PLATFORMS = "iphoneos iphonesimulator";
				SUPPORTS_MACCATALYST = NO;
				SUPPORTS_MAC_DESIGNED_FOR_IPHONE_IPAD = NO;
				SWIFT_EMIT_LOC_STRINGS = NO;
				SWIFT_OBJC_BRIDGING_HEADER = "";
				SWIFT_VERSION = 5.0;
				TARGETED_DEVICE_FAMILY = "1,2";
				VALIDATE_PRODUCT = YES;
			};
			name = Release;
		};
		6D98A3212A3BC47900C1E6CD /* Debug */ = {
			isa = XCBuildConfiguration;
			buildSettings = {
				CODE_SIGN_STYLE = Automatic;
				CURRENT_PROJECT_VERSION = 1;
				DEVELOPMENT_TEAM = T6G7397HUK;
				GENERATE_INFOPLIST_FILE = YES;
				IPHONEOS_DEPLOYMENT_TARGET = 16.2;
				MACOSX_DEPLOYMENT_TARGET = 12.4;
				MARKETING_VERSION = 1.0;
				PRODUCT_BUNDLE_IDENTIFIER = com.gmail.thethunderwrath.EssentialFeedCacheIntegrationTests;
				PRODUCT_NAME = "$(TARGET_NAME)";
				SUPPORTED_PLATFORMS = "iphoneos iphonesimulator macosx";
				SUPPORTS_MACCATALYST = NO;
				SUPPORTS_MAC_DESIGNED_FOR_IPHONE_IPAD = NO;
				SWIFT_EMIT_LOC_STRINGS = NO;
				SWIFT_VERSION = 5.0;
				TARGETED_DEVICE_FAMILY = 1;
			};
			name = Debug;
		};
		6D98A3222A3BC47900C1E6CD /* Release */ = {
			isa = XCBuildConfiguration;
			buildSettings = {
				CODE_SIGN_STYLE = Automatic;
				CURRENT_PROJECT_VERSION = 1;
				DEVELOPMENT_TEAM = T6G7397HUK;
				GENERATE_INFOPLIST_FILE = YES;
				IPHONEOS_DEPLOYMENT_TARGET = 16.2;
				MACOSX_DEPLOYMENT_TARGET = 12.4;
				MARKETING_VERSION = 1.0;
				PRODUCT_BUNDLE_IDENTIFIER = com.gmail.thethunderwrath.EssentialFeedCacheIntegrationTests;
				PRODUCT_NAME = "$(TARGET_NAME)";
				SUPPORTED_PLATFORMS = "iphoneos iphonesimulator macosx";
				SUPPORTS_MACCATALYST = NO;
				SUPPORTS_MAC_DESIGNED_FOR_IPHONE_IPAD = NO;
				SWIFT_EMIT_LOC_STRINGS = NO;
				SWIFT_VERSION = 5.0;
				TARGETED_DEVICE_FAMILY = 1;
			};
			name = Release;
		};
		6D99F8B32A2BD2B8006ECDD4 /* Debug */ = {
			isa = XCBuildConfiguration;
			buildSettings = {
				CODE_SIGN_STYLE = Automatic;
				CURRENT_PROJECT_VERSION = 1;
				DEVELOPMENT_TEAM = T6G7397HUK;
				GENERATE_INFOPLIST_FILE = YES;
				IPHONEOS_DEPLOYMENT_TARGET = 16.2;
				MACOSX_DEPLOYMENT_TARGET = 12.4;
				MARKETING_VERSION = 1.0;
				PRODUCT_BUNDLE_IDENTIFIER = com.gmail.thethunderwrath.EssentialFeedAPIEndToEndTests;
				PRODUCT_NAME = "$(TARGET_NAME)";
				SUPPORTED_PLATFORMS = "iphoneos iphonesimulator macosx";
				SUPPORTS_MACCATALYST = NO;
				SUPPORTS_MAC_DESIGNED_FOR_IPHONE_IPAD = NO;
				SWIFT_EMIT_LOC_STRINGS = NO;
				SWIFT_VERSION = 5.0;
				TARGETED_DEVICE_FAMILY = 1;
			};
			name = Debug;
		};
		6D99F8B42A2BD2B8006ECDD4 /* Release */ = {
			isa = XCBuildConfiguration;
			buildSettings = {
				CODE_SIGN_STYLE = Automatic;
				CURRENT_PROJECT_VERSION = 1;
				DEVELOPMENT_TEAM = T6G7397HUK;
				GENERATE_INFOPLIST_FILE = YES;
				IPHONEOS_DEPLOYMENT_TARGET = 16.2;
				MACOSX_DEPLOYMENT_TARGET = 12.4;
				MARKETING_VERSION = 1.0;
				PRODUCT_BUNDLE_IDENTIFIER = com.gmail.thethunderwrath.EssentialFeedAPIEndToEndTests;
				PRODUCT_NAME = "$(TARGET_NAME)";
				SUPPORTED_PLATFORMS = "iphoneos iphonesimulator macosx";
				SUPPORTS_MACCATALYST = NO;
				SUPPORTS_MAC_DESIGNED_FOR_IPHONE_IPAD = NO;
				SWIFT_EMIT_LOC_STRINGS = NO;
				SWIFT_VERSION = 5.0;
				TARGETED_DEVICE_FAMILY = 1;
			};
			name = Release;
		};
/* End XCBuildConfiguration section */

/* Begin XCConfigurationList section */
		6D1A3A092A25036E00027018 /* Build configuration list for PBXProject "EssentialFeed" */ = {
			isa = XCConfigurationList;
			buildConfigurations = (
				6D1A3A1F2A25036E00027018 /* Debug */,
				6D1A3A202A25036E00027018 /* Release */,
			);
			defaultConfigurationIsVisible = 0;
			defaultConfigurationName = Release;
		};
		6D1A3A212A25036E00027018 /* Build configuration list for PBXNativeTarget "EssentialFeed" */ = {
			isa = XCConfigurationList;
			buildConfigurations = (
				6D1A3A222A25036E00027018 /* Debug */,
				6D1A3A232A25036E00027018 /* Release */,
			);
			defaultConfigurationIsVisible = 0;
			defaultConfigurationName = Release;
		};
		6D1A3A242A25036E00027018 /* Build configuration list for PBXNativeTarget "EssentialFeedTests" */ = {
			isa = XCConfigurationList;
			buildConfigurations = (
				6D1A3A252A25036E00027018 /* Debug */,
				6D1A3A262A25036E00027018 /* Release */,
			);
			defaultConfigurationIsVisible = 0;
			defaultConfigurationName = Release;
		};
		6D3344372A5AF02B00AB7E43 /* Build configuration list for PBXNativeTarget "EssentialFeediOS" */ = {
			isa = XCConfigurationList;
			buildConfigurations = (
				6D3344382A5AF02B00AB7E43 /* Debug */,
				6D3344392A5AF02B00AB7E43 /* Release */,
			);
			defaultConfigurationIsVisible = 0;
			defaultConfigurationName = Release;
		};
		6D33443A2A5AF02B00AB7E43 /* Build configuration list for PBXNativeTarget "EssentialFeediOSTests" */ = {
			isa = XCConfigurationList;
			buildConfigurations = (
				6D33443B2A5AF02B00AB7E43 /* Debug */,
				6D33443C2A5AF02B00AB7E43 /* Release */,
			);
			defaultConfigurationIsVisible = 0;
			defaultConfigurationName = Release;
		};
		6D98A3232A3BC47900C1E6CD /* Build configuration list for PBXNativeTarget "EssentialFeedCacheIntegrationTests" */ = {
			isa = XCConfigurationList;
			buildConfigurations = (
				6D98A3212A3BC47900C1E6CD /* Debug */,
				6D98A3222A3BC47900C1E6CD /* Release */,
			);
			defaultConfigurationIsVisible = 0;
			defaultConfigurationName = Release;
		};
		6D99F8B22A2BD2B8006ECDD4 /* Build configuration list for PBXNativeTarget "EssentialFeedAPIEndToEndTests" */ = {
			isa = XCConfigurationList;
			buildConfigurations = (
				6D99F8B32A2BD2B8006ECDD4 /* Debug */,
				6D99F8B42A2BD2B8006ECDD4 /* Release */,
			);
			defaultConfigurationIsVisible = 0;
			defaultConfigurationName = Release;
		};
/* End XCConfigurationList section */

/* Begin XCVersionGroup section */
		6D4D79AE2A3BA233008E8B23 /* FeedStore.xcdatamodeld */ = {
			isa = XCVersionGroup;
			children = (
				6D4D79AF2A3BA233008E8B23 /* FeedStore.xcdatamodel */,
			);
			currentVersion = 6D4D79AF2A3BA233008E8B23 /* FeedStore.xcdatamodel */;
			path = FeedStore.xcdatamodeld;
			sourceTree = "<group>";
			versionGroupType = wrapper.xcdatamodel;
		};
/* End XCVersionGroup section */
	};
	rootObject = 6D1A3A062A25036E00027018 /* Project object */;
}
