// !$*UTF8*$!
{
	archiveVersion = 1;
	classes = {
	};
	objectVersion = 56;
	objects = {

/* Begin PBXBuildFile section */
		6D1ED8DF2B870AF6005D9E60 /* AppDelegate.swift in Sources */ = {isa = PBXBuildFile; fileRef = 6D1ED8DE2B870AF6005D9E60 /* AppDelegate.swift */; };
		6D1ED8E12B870AF6005D9E60 /* SceneDelegate.swift in Sources */ = {isa = PBXBuildFile; fileRef = 6D1ED8E02B870AF6005D9E60 /* SceneDelegate.swift */; };
		6D1ED8E32B870AF6005D9E60 /* ViewController.swift in Sources */ = {isa = PBXBuildFile; fileRef = 6D1ED8E22B870AF6005D9E60 /* ViewController.swift */; };
		6D1ED8E62B870AF6005D9E60 /* Main.storyboard in Resources */ = {isa = PBXBuildFile; fileRef = 6D1ED8E42B870AF6005D9E60 /* Main.storyboard */; };
		6D1ED8E82B870AF8005D9E60 /* Assets.xcassets in Resources */ = {isa = PBXBuildFile; fileRef = 6D1ED8E72B870AF8005D9E60 /* Assets.xcassets */; };
		6D1ED8EB2B870AF8005D9E60 /* LaunchScreen.storyboard in Resources */ = {isa = PBXBuildFile; fileRef = 6D1ED8E92B870AF8005D9E60 /* LaunchScreen.storyboard */; };
		6D1ED8F52B870BCF005D9E60 /* EssentialFeed.framework in Frameworks */ = {isa = PBXBuildFile; fileRef = 6D1ED8F32B870BCF005D9E60 /* EssentialFeed.framework */; };
		6D1ED8F62B870BCF005D9E60 /* EssentialFeed.framework in Embed Frameworks */ = {isa = PBXBuildFile; fileRef = 6D1ED8F32B870BCF005D9E60 /* EssentialFeed.framework */; settings = {ATTRIBUTES = (CodeSignOnCopy, RemoveHeadersOnCopy, ); }; };
		6D1ED8F72B870BCF005D9E60 /* EssentialFeediOS.framework in Frameworks */ = {isa = PBXBuildFile; fileRef = 6D1ED8F42B870BCF005D9E60 /* EssentialFeediOS.framework */; };
		6D1ED8F82B870BCF005D9E60 /* EssentialFeediOS.framework in Embed Frameworks */ = {isa = PBXBuildFile; fileRef = 6D1ED8F42B870BCF005D9E60 /* EssentialFeediOS.framework */; settings = {ATTRIBUTES = (CodeSignOnCopy, RemoveHeadersOnCopy, ); }; };
		6D1ED9082B87113B005D9E60 /* FeedLoaderWithFallbackCompositeTests.swift in Sources */ = {isa = PBXBuildFile; fileRef = 6D1ED9072B87113B005D9E60 /* FeedLoaderWithFallbackCompositeTests.swift */; };
		6D6A3AAA2B89BB6B009AE506 /* FeedImageDataLoaderWithFallbackComposite.swift in Sources */ = {isa = PBXBuildFile; fileRef = 6D6A3AA92B89BB6B009AE506 /* FeedImageDataLoaderWithFallbackComposite.swift */; };
		6D6A3AAD2B89BBE8009AE506 /* XCTestCase+MemoryLeakTracking.swift in Sources */ = {isa = PBXBuildFile; fileRef = 6D6A3AAC2B89BBE8009AE506 /* XCTestCase+MemoryLeakTracking.swift */; };
		6D6A3AAF2B89BC86009AE506 /* SharedTestHelpers.swift in Sources */ = {isa = PBXBuildFile; fileRef = 6D6A3AAE2B89BC86009AE506 /* SharedTestHelpers.swift */; };
		6D92B0002B89A6EB00C9589B /* FeedLoaderWithFallbackComposite.swift in Sources */ = {isa = PBXBuildFile; fileRef = 6D92AFFF2B89A6EB00C9589B /* FeedLoaderWithFallbackComposite.swift */; };
		6D92B0022B89A78000C9589B /* FeedImageDataLoaderWithFallbackCompositeTests.swift in Sources */ = {isa = PBXBuildFile; fileRef = 6D92B0012B89A78000C9589B /* FeedImageDataLoaderWithFallbackCompositeTests.swift */; };
		6DE472F52B89E9A20072AC25 /* FeedLoaderCacheDecoratorTests.swift in Sources */ = {isa = PBXBuildFile; fileRef = 6DE472F42B89E9A20072AC25 /* FeedLoaderCacheDecoratorTests.swift */; };
		6DE472F72B89EBAC0072AC25 /* FeedLoaderStub.swift in Sources */ = {isa = PBXBuildFile; fileRef = 6DE472F62B89EBAC0072AC25 /* FeedLoaderStub.swift */; };
/* End PBXBuildFile section */

/* Begin PBXContainerItemProxy section */
		6D1ED9022B871105005D9E60 /* PBXContainerItemProxy */ = {
			isa = PBXContainerItemProxy;
			containerPortal = 6D1ED8D32B870AF6005D9E60 /* Project object */;
			proxyType = 1;
			remoteGlobalIDString = 6D1ED8DA2B870AF6005D9E60;
			remoteInfo = EssentialApp;
		};
/* End PBXContainerItemProxy section */

/* Begin PBXCopyFilesBuildPhase section */
		6D1ED8F92B870BCF005D9E60 /* Embed Frameworks */ = {
			isa = PBXCopyFilesBuildPhase;
			buildActionMask = 2147483647;
			dstPath = "";
			dstSubfolderSpec = 10;
			files = (
				6D1ED8F62B870BCF005D9E60 /* EssentialFeed.framework in Embed Frameworks */,
				6D1ED8F82B870BCF005D9E60 /* EssentialFeediOS.framework in Embed Frameworks */,
			);
			name = "Embed Frameworks";
			runOnlyForDeploymentPostprocessing = 0;
		};
/* End PBXCopyFilesBuildPhase section */

/* Begin PBXFileReference section */
		6D1ED8DB2B870AF6005D9E60 /* EssentialApp.app */ = {isa = PBXFileReference; explicitFileType = wrapper.application; includeInIndex = 0; path = EssentialApp.app; sourceTree = BUILT_PRODUCTS_DIR; };
		6D1ED8DE2B870AF6005D9E60 /* AppDelegate.swift */ = {isa = PBXFileReference; lastKnownFileType = sourcecode.swift; path = AppDelegate.swift; sourceTree = "<group>"; };
		6D1ED8E02B870AF6005D9E60 /* SceneDelegate.swift */ = {isa = PBXFileReference; lastKnownFileType = sourcecode.swift; path = SceneDelegate.swift; sourceTree = "<group>"; };
		6D1ED8E22B870AF6005D9E60 /* ViewController.swift */ = {isa = PBXFileReference; lastKnownFileType = sourcecode.swift; path = ViewController.swift; sourceTree = "<group>"; };
		6D1ED8E52B870AF6005D9E60 /* Base */ = {isa = PBXFileReference; lastKnownFileType = file.storyboard; name = Base; path = Base.lproj/Main.storyboard; sourceTree = "<group>"; };
		6D1ED8E72B870AF8005D9E60 /* Assets.xcassets */ = {isa = PBXFileReference; lastKnownFileType = folder.assetcatalog; path = Assets.xcassets; sourceTree = "<group>"; };
		6D1ED8EA2B870AF8005D9E60 /* Base */ = {isa = PBXFileReference; lastKnownFileType = file.storyboard; name = Base; path = Base.lproj/LaunchScreen.storyboard; sourceTree = "<group>"; };
		6D1ED8EC2B870AF8005D9E60 /* Info.plist */ = {isa = PBXFileReference; lastKnownFileType = text.plist.xml; path = Info.plist; sourceTree = "<group>"; };
		6D1ED8F32B870BCF005D9E60 /* EssentialFeed.framework */ = {isa = PBXFileReference; explicitFileType = wrapper.framework; path = EssentialFeed.framework; sourceTree = BUILT_PRODUCTS_DIR; };
		6D1ED8F42B870BCF005D9E60 /* EssentialFeediOS.framework */ = {isa = PBXFileReference; explicitFileType = wrapper.framework; path = EssentialFeediOS.framework; sourceTree = BUILT_PRODUCTS_DIR; };
		6D1ED8FE2B871105005D9E60 /* EssentialAppTests.xctest */ = {isa = PBXFileReference; explicitFileType = wrapper.cfbundle; includeInIndex = 0; path = EssentialAppTests.xctest; sourceTree = BUILT_PRODUCTS_DIR; };
		6D1ED9072B87113B005D9E60 /* FeedLoaderWithFallbackCompositeTests.swift */ = {isa = PBXFileReference; lastKnownFileType = sourcecode.swift; path = FeedLoaderWithFallbackCompositeTests.swift; sourceTree = "<group>"; };
		6D6A3AA92B89BB6B009AE506 /* FeedImageDataLoaderWithFallbackComposite.swift */ = {isa = PBXFileReference; lastKnownFileType = sourcecode.swift; path = FeedImageDataLoaderWithFallbackComposite.swift; sourceTree = "<group>"; };
		6D6A3AAC2B89BBE8009AE506 /* XCTestCase+MemoryLeakTracking.swift */ = {isa = PBXFileReference; lastKnownFileType = sourcecode.swift; path = "XCTestCase+MemoryLeakTracking.swift"; sourceTree = "<group>"; };
		6D6A3AAE2B89BC86009AE506 /* SharedTestHelpers.swift */ = {isa = PBXFileReference; lastKnownFileType = sourcecode.swift; path = SharedTestHelpers.swift; sourceTree = "<group>"; };
		6D92AFFF2B89A6EB00C9589B /* FeedLoaderWithFallbackComposite.swift */ = {isa = PBXFileReference; lastKnownFileType = sourcecode.swift; path = FeedLoaderWithFallbackComposite.swift; sourceTree = "<group>"; };
		6D92B0012B89A78000C9589B /* FeedImageDataLoaderWithFallbackCompositeTests.swift */ = {isa = PBXFileReference; lastKnownFileType = sourcecode.swift; path = FeedImageDataLoaderWithFallbackCompositeTests.swift; sourceTree = "<group>"; };
		6DE472F42B89E9A20072AC25 /* FeedLoaderCacheDecoratorTests.swift */ = {isa = PBXFileReference; lastKnownFileType = sourcecode.swift; path = FeedLoaderCacheDecoratorTests.swift; sourceTree = "<group>"; };
		6DE472F62B89EBAC0072AC25 /* FeedLoaderStub.swift */ = {isa = PBXFileReference; lastKnownFileType = sourcecode.swift; path = FeedLoaderStub.swift; sourceTree = "<group>"; };
/* End PBXFileReference section */

/* Begin PBXFrameworksBuildPhase section */
		6D1ED8D82B870AF6005D9E60 /* Frameworks */ = {
			isa = PBXFrameworksBuildPhase;
			buildActionMask = 2147483647;
			files = (
				6D1ED8F52B870BCF005D9E60 /* EssentialFeed.framework in Frameworks */,
				6D1ED8F72B870BCF005D9E60 /* EssentialFeediOS.framework in Frameworks */,
			);
			runOnlyForDeploymentPostprocessing = 0;
		};
		6D1ED8FB2B871105005D9E60 /* Frameworks */ = {
			isa = PBXFrameworksBuildPhase;
			buildActionMask = 2147483647;
			files = (
			);
			runOnlyForDeploymentPostprocessing = 0;
		};
/* End PBXFrameworksBuildPhase section */

/* Begin PBXGroup section */
		6D1ED8D22B870AF6005D9E60 = {
			isa = PBXGroup;
			children = (
				6D1ED8DD2B870AF6005D9E60 /* EssentialApp */,
				6D1ED8FF2B871105005D9E60 /* EssentialAppTests */,
				6D1ED8DC2B870AF6005D9E60 /* Products */,
				6D1ED8F22B870BCF005D9E60 /* Frameworks */,
			);
			sourceTree = "<group>";
		};
		6D1ED8DC2B870AF6005D9E60 /* Products */ = {
			isa = PBXGroup;
			children = (
				6D1ED8DB2B870AF6005D9E60 /* EssentialApp.app */,
				6D1ED8FE2B871105005D9E60 /* EssentialAppTests.xctest */,
			);
			name = Products;
			sourceTree = "<group>";
		};
		6D1ED8DD2B870AF6005D9E60 /* EssentialApp */ = {
			isa = PBXGroup;
			children = (
				6D1ED8DE2B870AF6005D9E60 /* AppDelegate.swift */,
				6D1ED8E02B870AF6005D9E60 /* SceneDelegate.swift */,
				6D92AFFF2B89A6EB00C9589B /* FeedLoaderWithFallbackComposite.swift */,
				6D6A3AA92B89BB6B009AE506 /* FeedImageDataLoaderWithFallbackComposite.swift */,
				6D1ED8E22B870AF6005D9E60 /* ViewController.swift */,
				6D1ED8E42B870AF6005D9E60 /* Main.storyboard */,
				6D1ED8E72B870AF8005D9E60 /* Assets.xcassets */,
				6D1ED8E92B870AF8005D9E60 /* LaunchScreen.storyboard */,
				6D1ED8EC2B870AF8005D9E60 /* Info.plist */,
			);
			path = EssentialApp;
			sourceTree = "<group>";
		};
		6D1ED8F22B870BCF005D9E60 /* Frameworks */ = {
			isa = PBXGroup;
			children = (
				6D1ED8F32B870BCF005D9E60 /* EssentialFeed.framework */,
				6D1ED8F42B870BCF005D9E60 /* EssentialFeediOS.framework */,
			);
			name = Frameworks;
			sourceTree = "<group>";
		};
		6D1ED8FF2B871105005D9E60 /* EssentialAppTests */ = {
			isa = PBXGroup;
			children = (
				6D6A3AAB2B89BBCE009AE506 /* Helpers */,
				6D1ED9072B87113B005D9E60 /* FeedLoaderWithFallbackCompositeTests.swift */,
				6D92B0012B89A78000C9589B /* FeedImageDataLoaderWithFallbackCompositeTests.swift */,
				6DE472F42B89E9A20072AC25 /* FeedLoaderCacheDecoratorTests.swift */,
			);
			path = EssentialAppTests;
			sourceTree = "<group>";
		};
		6D6A3AAB2B89BBCE009AE506 /* Helpers */ = {
			isa = PBXGroup;
			children = (
				6D6A3AAC2B89BBE8009AE506 /* XCTestCase+MemoryLeakTracking.swift */,
				6D6A3AAE2B89BC86009AE506 /* SharedTestHelpers.swift */,
				6DE472F62B89EBAC0072AC25 /* FeedLoaderStub.swift */,
			);
			path = Helpers;
			sourceTree = "<group>";
		};
/* End PBXGroup section */

/* Begin PBXNativeTarget section */
		6D1ED8DA2B870AF6005D9E60 /* EssentialApp */ = {
			isa = PBXNativeTarget;
			buildConfigurationList = 6D1ED8EF2B870AF8005D9E60 /* Build configuration list for PBXNativeTarget "EssentialApp" */;
			buildPhases = (
				6D1ED8D72B870AF6005D9E60 /* Sources */,
				6D1ED8D82B870AF6005D9E60 /* Frameworks */,
				6D1ED8D92B870AF6005D9E60 /* Resources */,
				6D1ED8F92B870BCF005D9E60 /* Embed Frameworks */,
			);
			buildRules = (
			);
			dependencies = (
			);
			name = EssentialApp;
			productName = EssentialApp;
			productReference = 6D1ED8DB2B870AF6005D9E60 /* EssentialApp.app */;
			productType = "com.apple.product-type.application";
		};
		6D1ED8FD2B871105005D9E60 /* EssentialAppTests */ = {
			isa = PBXNativeTarget;
			buildConfigurationList = 6D1ED9042B871105005D9E60 /* Build configuration list for PBXNativeTarget "EssentialAppTests" */;
			buildPhases = (
				6D1ED8FA2B871105005D9E60 /* Sources */,
				6D1ED8FB2B871105005D9E60 /* Frameworks */,
				6D1ED8FC2B871105005D9E60 /* Resources */,
			);
			buildRules = (
			);
			dependencies = (
				6D1ED9032B871105005D9E60 /* PBXTargetDependency */,
			);
			name = EssentialAppTests;
			productName = EssentialAppTests;
			productReference = 6D1ED8FE2B871105005D9E60 /* EssentialAppTests.xctest */;
			productType = "com.apple.product-type.bundle.unit-test";
		};
/* End PBXNativeTarget section */

/* Begin PBXProject section */
		6D1ED8D32B870AF6005D9E60 /* Project object */ = {
			isa = PBXProject;
			attributes = {
				BuildIndependentTargetsInParallel = 1;
				LastSwiftUpdateCheck = 1500;
				LastUpgradeCheck = 1500;
				TargetAttributes = {
					6D1ED8DA2B870AF6005D9E60 = {
						CreatedOnToolsVersion = 15.0;
					};
					6D1ED8FD2B871105005D9E60 = {
						CreatedOnToolsVersion = 15.0;
						TestTargetID = 6D1ED8DA2B870AF6005D9E60;
					};
				};
			};
			buildConfigurationList = 6D1ED8D62B870AF6005D9E60 /* Build configuration list for PBXProject "EssentialApp" */;
			compatibilityVersion = "Xcode 14.0";
			developmentRegion = en;
			hasScannedForEncodings = 0;
			knownRegions = (
				en,
				Base,
			);
			mainGroup = 6D1ED8D22B870AF6005D9E60;
			productRefGroup = 6D1ED8DC2B870AF6005D9E60 /* Products */;
			projectDirPath = "";
			projectRoot = "";
			targets = (
				6D1ED8DA2B870AF6005D9E60 /* EssentialApp */,
				6D1ED8FD2B871105005D9E60 /* EssentialAppTests */,
			);
		};
/* End PBXProject section */

/* Begin PBXResourcesBuildPhase section */
		6D1ED8D92B870AF6005D9E60 /* Resources */ = {
			isa = PBXResourcesBuildPhase;
			buildActionMask = 2147483647;
			files = (
				6D1ED8EB2B870AF8005D9E60 /* LaunchScreen.storyboard in Resources */,
				6D1ED8E82B870AF8005D9E60 /* Assets.xcassets in Resources */,
				6D1ED8E62B870AF6005D9E60 /* Main.storyboard in Resources */,
			);
			runOnlyForDeploymentPostprocessing = 0;
		};
		6D1ED8FC2B871105005D9E60 /* Resources */ = {
			isa = PBXResourcesBuildPhase;
			buildActionMask = 2147483647;
			files = (
			);
			runOnlyForDeploymentPostprocessing = 0;
		};
/* End PBXResourcesBuildPhase section */

/* Begin PBXSourcesBuildPhase section */
		6D1ED8D72B870AF6005D9E60 /* Sources */ = {
			isa = PBXSourcesBuildPhase;
			buildActionMask = 2147483647;
			files = (
				6D1ED8E32B870AF6005D9E60 /* ViewController.swift in Sources */,
				6D1ED8DF2B870AF6005D9E60 /* AppDelegate.swift in Sources */,
				6D92B0002B89A6EB00C9589B /* FeedLoaderWithFallbackComposite.swift in Sources */,
				6D1ED8E12B870AF6005D9E60 /* SceneDelegate.swift in Sources */,
				6D6A3AAA2B89BB6B009AE506 /* FeedImageDataLoaderWithFallbackComposite.swift in Sources */,
			);
			runOnlyForDeploymentPostprocessing = 0;
		};
		6D1ED8FA2B871105005D9E60 /* Sources */ = {
			isa = PBXSourcesBuildPhase;
			buildActionMask = 2147483647;
			files = (
				6D6A3AAF2B89BC86009AE506 /* SharedTestHelpers.swift in Sources */,
				6D92B0022B89A78000C9589B /* FeedImageDataLoaderWithFallbackCompositeTests.swift in Sources */,
				6D1ED9082B87113B005D9E60 /* FeedLoaderWithFallbackCompositeTests.swift in Sources */,
				6DE472F52B89E9A20072AC25 /* FeedLoaderCacheDecoratorTests.swift in Sources */,
				6DE472F72B89EBAC0072AC25 /* FeedLoaderStub.swift in Sources */,
				6D6A3AAD2B89BBE8009AE506 /* XCTestCase+MemoryLeakTracking.swift in Sources */,
			);
			runOnlyForDeploymentPostprocessing = 0;
		};
/* End PBXSourcesBuildPhase section */

/* Begin PBXTargetDependency section */
		6D1ED9032B871105005D9E60 /* PBXTargetDependency */ = {
			isa = PBXTargetDependency;
			target = 6D1ED8DA2B870AF6005D9E60 /* EssentialApp */;
			targetProxy = 6D1ED9022B871105005D9E60 /* PBXContainerItemProxy */;
		};
/* End PBXTargetDependency section */

/* Begin PBXVariantGroup section */
		6D1ED8E42B870AF6005D9E60 /* Main.storyboard */ = {
			isa = PBXVariantGroup;
			children = (
				6D1ED8E52B870AF6005D9E60 /* Base */,
			);
			name = Main.storyboard;
			sourceTree = "<group>";
		};
		6D1ED8E92B870AF8005D9E60 /* LaunchScreen.storyboard */ = {
			isa = PBXVariantGroup;
			children = (
				6D1ED8EA2B870AF8005D9E60 /* Base */,
			);
			name = LaunchScreen.storyboard;
			sourceTree = "<group>";
		};
/* End PBXVariantGroup section */

/* Begin XCBuildConfiguration section */
		6D1ED8ED2B870AF8005D9E60 /* Debug */ = {
			isa = XCBuildConfiguration;
			buildSettings = {
				ALWAYS_SEARCH_USER_PATHS = NO;
				ASSETCATALOG_COMPILER_GENERATE_SWIFT_ASSET_SYMBOL_EXTENSIONS = YES;
				CLANG_ANALYZER_NONNULL = YES;
				CLANG_ANALYZER_NUMBER_OBJECT_CONVERSION = YES_AGGRESSIVE;
				CLANG_CXX_LANGUAGE_STANDARD = "gnu++20";
				CLANG_ENABLE_MODULES = YES;
				CLANG_ENABLE_OBJC_ARC = YES;
				CLANG_ENABLE_OBJC_WEAK = YES;
				CLANG_WARN_BLOCK_CAPTURE_AUTORELEASING = YES;
				CLANG_WARN_BOOL_CONVERSION = YES;
				CLANG_WARN_COMMA = YES;
				CLANG_WARN_CONSTANT_CONVERSION = YES;
				CLANG_WARN_DEPRECATED_OBJC_IMPLEMENTATIONS = YES;
				CLANG_WARN_DIRECT_OBJC_ISA_USAGE = YES_ERROR;
				CLANG_WARN_DOCUMENTATION_COMMENTS = YES;
				CLANG_WARN_EMPTY_BODY = YES;
				CLANG_WARN_ENUM_CONVERSION = YES;
				CLANG_WARN_INFINITE_RECURSION = YES;
				CLANG_WARN_INT_CONVERSION = YES;
				CLANG_WARN_NON_LITERAL_NULL_CONVERSION = YES;
				CLANG_WARN_OBJC_IMPLICIT_RETAIN_SELF = YES;
				CLANG_WARN_OBJC_LITERAL_CONVERSION = YES;
				CLANG_WARN_OBJC_ROOT_CLASS = YES_ERROR;
				CLANG_WARN_QUOTED_INCLUDE_IN_FRAMEWORK_HEADER = YES;
				CLANG_WARN_RANGE_LOOP_ANALYSIS = YES;
				CLANG_WARN_STRICT_PROTOTYPES = YES;
				CLANG_WARN_SUSPICIOUS_MOVE = YES;
				CLANG_WARN_UNGUARDED_AVAILABILITY = YES_AGGRESSIVE;
				CLANG_WARN_UNREACHABLE_CODE = YES;
				CLANG_WARN__DUPLICATE_METHOD_MATCH = YES;
				COPY_PHASE_STRIP = NO;
				DEBUG_INFORMATION_FORMAT = dwarf;
				ENABLE_STRICT_OBJC_MSGSEND = YES;
				ENABLE_TESTABILITY = YES;
				ENABLE_USER_SCRIPT_SANDBOXING = YES;
				GCC_C_LANGUAGE_STANDARD = gnu17;
				GCC_DYNAMIC_NO_PIC = NO;
				GCC_NO_COMMON_BLOCKS = YES;
				GCC_OPTIMIZATION_LEVEL = 0;
				GCC_PREPROCESSOR_DEFINITIONS = (
					"DEBUG=1",
					"$(inherited)",
				);
				GCC_WARN_64_TO_32_BIT_CONVERSION = YES;
				GCC_WARN_ABOUT_RETURN_TYPE = YES_ERROR;
				GCC_WARN_UNDECLARED_SELECTOR = YES;
				GCC_WARN_UNINITIALIZED_AUTOS = YES_AGGRESSIVE;
				GCC_WARN_UNUSED_FUNCTION = YES;
				GCC_WARN_UNUSED_VARIABLE = YES;
				IPHONEOS_DEPLOYMENT_TARGET = 16.2;
				LOCALIZATION_PREFERS_STRING_CATALOGS = YES;
				MTL_ENABLE_DEBUG_INFO = INCLUDE_SOURCE;
				MTL_FAST_MATH = YES;
				ONLY_ACTIVE_ARCH = YES;
				SDKROOT = iphoneos;
				SWIFT_ACTIVE_COMPILATION_CONDITIONS = "DEBUG $(inherited)";
				SWIFT_OPTIMIZATION_LEVEL = "-Onone";
			};
			name = Debug;
		};
		6D1ED8EE2B870AF8005D9E60 /* Release */ = {
			isa = XCBuildConfiguration;
			buildSettings = {
				ALWAYS_SEARCH_USER_PATHS = NO;
				ASSETCATALOG_COMPILER_GENERATE_SWIFT_ASSET_SYMBOL_EXTENSIONS = YES;
				CLANG_ANALYZER_NONNULL = YES;
				CLANG_ANALYZER_NUMBER_OBJECT_CONVERSION = YES_AGGRESSIVE;
				CLANG_CXX_LANGUAGE_STANDARD = "gnu++20";
				CLANG_ENABLE_MODULES = YES;
				CLANG_ENABLE_OBJC_ARC = YES;
				CLANG_ENABLE_OBJC_WEAK = YES;
				CLANG_WARN_BLOCK_CAPTURE_AUTORELEASING = YES;
				CLANG_WARN_BOOL_CONVERSION = YES;
				CLANG_WARN_COMMA = YES;
				CLANG_WARN_CONSTANT_CONVERSION = YES;
				CLANG_WARN_DEPRECATED_OBJC_IMPLEMENTATIONS = YES;
				CLANG_WARN_DIRECT_OBJC_ISA_USAGE = YES_ERROR;
				CLANG_WARN_DOCUMENTATION_COMMENTS = YES;
				CLANG_WARN_EMPTY_BODY = YES;
				CLANG_WARN_ENUM_CONVERSION = YES;
				CLANG_WARN_INFINITE_RECURSION = YES;
				CLANG_WARN_INT_CONVERSION = YES;
				CLANG_WARN_NON_LITERAL_NULL_CONVERSION = YES;
				CLANG_WARN_OBJC_IMPLICIT_RETAIN_SELF = YES;
				CLANG_WARN_OBJC_LITERAL_CONVERSION = YES;
				CLANG_WARN_OBJC_ROOT_CLASS = YES_ERROR;
				CLANG_WARN_QUOTED_INCLUDE_IN_FRAMEWORK_HEADER = YES;
				CLANG_WARN_RANGE_LOOP_ANALYSIS = YES;
				CLANG_WARN_STRICT_PROTOTYPES = YES;
				CLANG_WARN_SUSPICIOUS_MOVE = YES;
				CLANG_WARN_UNGUARDED_AVAILABILITY = YES_AGGRESSIVE;
				CLANG_WARN_UNREACHABLE_CODE = YES;
				CLANG_WARN__DUPLICATE_METHOD_MATCH = YES;
				COPY_PHASE_STRIP = NO;
				DEBUG_INFORMATION_FORMAT = "dwarf-with-dsym";
				ENABLE_NS_ASSERTIONS = NO;
				ENABLE_STRICT_OBJC_MSGSEND = YES;
				ENABLE_USER_SCRIPT_SANDBOXING = YES;
				GCC_C_LANGUAGE_STANDARD = gnu17;
				GCC_NO_COMMON_BLOCKS = YES;
				GCC_WARN_64_TO_32_BIT_CONVERSION = YES;
				GCC_WARN_ABOUT_RETURN_TYPE = YES_ERROR;
				GCC_WARN_UNDECLARED_SELECTOR = YES;
				GCC_WARN_UNINITIALIZED_AUTOS = YES_AGGRESSIVE;
				GCC_WARN_UNUSED_FUNCTION = YES;
				GCC_WARN_UNUSED_VARIABLE = YES;
				IPHONEOS_DEPLOYMENT_TARGET = 16.2;
				LOCALIZATION_PREFERS_STRING_CATALOGS = YES;
				MTL_ENABLE_DEBUG_INFO = NO;
				MTL_FAST_MATH = YES;
				SDKROOT = iphoneos;
				SWIFT_COMPILATION_MODE = wholemodule;
				VALIDATE_PRODUCT = YES;
			};
			name = Release;
		};
		6D1ED8F02B870AF8005D9E60 /* Debug */ = {
			isa = XCBuildConfiguration;
			buildSettings = {
				ASSETCATALOG_COMPILER_APPICON_NAME = AppIcon;
				ASSETCATALOG_COMPILER_GLOBAL_ACCENT_COLOR_NAME = AccentColor;
				CODE_SIGN_STYLE = Automatic;
				CURRENT_PROJECT_VERSION = 1;
				DEVELOPMENT_TEAM = 9G7LN4VYT4;
				GENERATE_INFOPLIST_FILE = YES;
				INFOPLIST_FILE = EssentialApp/Info.plist;
				INFOPLIST_KEY_UIApplicationSupportsIndirectInputEvents = YES;
				INFOPLIST_KEY_UILaunchStoryboardName = LaunchScreen;
				INFOPLIST_KEY_UIMainStoryboardFile = Main;
				INFOPLIST_KEY_UISupportedInterfaceOrientations_iPad = "UIInterfaceOrientationPortrait UIInterfaceOrientationPortraitUpsideDown UIInterfaceOrientationLandscapeLeft UIInterfaceOrientationLandscapeRight";
				INFOPLIST_KEY_UISupportedInterfaceOrientations_iPhone = "UIInterfaceOrientationPortrait UIInterfaceOrientationLandscapeLeft UIInterfaceOrientationLandscapeRight";
				IPHONEOS_DEPLOYMENT_TARGET = 16.2;
				LD_RUNPATH_SEARCH_PATHS = (
					"$(inherited)",
					"@executable_path/Frameworks",
				);
				MARKETING_VERSION = 1.0;
				PRODUCT_BUNDLE_IDENTIFIER = com.gmail.thethunderwrath.EssentialApp.EssentialApp;
				PRODUCT_NAME = "$(TARGET_NAME)";
				SWIFT_EMIT_LOC_STRINGS = YES;
				SWIFT_VERSION = 5.0;
				TARGETED_DEVICE_FAMILY = "1,2";
			};
			name = Debug;
		};
		6D1ED8F12B870AF8005D9E60 /* Release */ = {
			isa = XCBuildConfiguration;
			buildSettings = {
				ASSETCATALOG_COMPILER_APPICON_NAME = AppIcon;
				ASSETCATALOG_COMPILER_GLOBAL_ACCENT_COLOR_NAME = AccentColor;
				CODE_SIGN_STYLE = Automatic;
				CURRENT_PROJECT_VERSION = 1;
				DEVELOPMENT_TEAM = 9G7LN4VYT4;
				GENERATE_INFOPLIST_FILE = YES;
				INFOPLIST_FILE = EssentialApp/Info.plist;
				INFOPLIST_KEY_UIApplicationSupportsIndirectInputEvents = YES;
				INFOPLIST_KEY_UILaunchStoryboardName = LaunchScreen;
				INFOPLIST_KEY_UIMainStoryboardFile = Main;
				INFOPLIST_KEY_UISupportedInterfaceOrientations_iPad = "UIInterfaceOrientationPortrait UIInterfaceOrientationPortraitUpsideDown UIInterfaceOrientationLandscapeLeft UIInterfaceOrientationLandscapeRight";
				INFOPLIST_KEY_UISupportedInterfaceOrientations_iPhone = "UIInterfaceOrientationPortrait UIInterfaceOrientationLandscapeLeft UIInterfaceOrientationLandscapeRight";
				IPHONEOS_DEPLOYMENT_TARGET = 16.2;
				LD_RUNPATH_SEARCH_PATHS = (
					"$(inherited)",
					"@executable_path/Frameworks",
				);
				MARKETING_VERSION = 1.0;
				PRODUCT_BUNDLE_IDENTIFIER = com.gmail.thethunderwrath.EssentialApp.EssentialApp;
				PRODUCT_NAME = "$(TARGET_NAME)";
				SWIFT_EMIT_LOC_STRINGS = YES;
				SWIFT_VERSION = 5.0;
				TARGETED_DEVICE_FAMILY = "1,2";
			};
			name = Release;
		};
		6D1ED9052B871105005D9E60 /* Debug */ = {
			isa = XCBuildConfiguration;
			buildSettings = {
				BUNDLE_LOADER = "$(TEST_HOST)";
				CODE_SIGN_STYLE = Automatic;
				CURRENT_PROJECT_VERSION = 1;
				DEVELOPMENT_TEAM = 9G7LN4VYT4;
				GENERATE_INFOPLIST_FILE = YES;
				IPHONEOS_DEPLOYMENT_TARGET = 17.0;
				MARKETING_VERSION = 1.0;
				PRODUCT_BUNDLE_IDENTIFIER = com.gmail.thethunderwrath.EssentialApp.EssentialAppTests;
				PRODUCT_NAME = "$(TARGET_NAME)";
				SWIFT_EMIT_LOC_STRINGS = NO;
				SWIFT_VERSION = 5.0;
				TARGETED_DEVICE_FAMILY = "1,2";
				TEST_HOST = "$(BUILT_PRODUCTS_DIR)/EssentialApp.app/$(BUNDLE_EXECUTABLE_FOLDER_PATH)/EssentialApp";
			};
			name = Debug;
		};
		6D1ED9062B871105005D9E60 /* Release */ = {
			isa = XCBuildConfiguration;
			buildSettings = {
				BUNDLE_LOADER = "$(TEST_HOST)";
				CODE_SIGN_STYLE = Automatic;
				CURRENT_PROJECT_VERSION = 1;
				DEVELOPMENT_TEAM = 9G7LN4VYT4;
				GENERATE_INFOPLIST_FILE = YES;
				IPHONEOS_DEPLOYMENT_TARGET = 17.0;
				MARKETING_VERSION = 1.0;
				PRODUCT_BUNDLE_IDENTIFIER = com.gmail.thethunderwrath.EssentialApp.EssentialAppTests;
				PRODUCT_NAME = "$(TARGET_NAME)";
				SWIFT_EMIT_LOC_STRINGS = NO;
				SWIFT_VERSION = 5.0;
				TARGETED_DEVICE_FAMILY = "1,2";
				TEST_HOST = "$(BUILT_PRODUCTS_DIR)/EssentialApp.app/$(BUNDLE_EXECUTABLE_FOLDER_PATH)/EssentialApp";
			};
			name = Release;
		};
/* End XCBuildConfiguration section */

/* Begin XCConfigurationList section */
		6D1ED8D62B870AF6005D9E60 /* Build configuration list for PBXProject "EssentialApp" */ = {
			isa = XCConfigurationList;
			buildConfigurations = (
				6D1ED8ED2B870AF8005D9E60 /* Debug */,
				6D1ED8EE2B870AF8005D9E60 /* Release */,
			);
			defaultConfigurationIsVisible = 0;
			defaultConfigurationName = Release;
		};
		6D1ED8EF2B870AF8005D9E60 /* Build configuration list for PBXNativeTarget "EssentialApp" */ = {
			isa = XCConfigurationList;
			buildConfigurations = (
				6D1ED8F02B870AF8005D9E60 /* Debug */,
				6D1ED8F12B870AF8005D9E60 /* Release */,
			);
			defaultConfigurationIsVisible = 0;
			defaultConfigurationName = Release;
		};
		6D1ED9042B871105005D9E60 /* Build configuration list for PBXNativeTarget "EssentialAppTests" */ = {
			isa = XCConfigurationList;
			buildConfigurations = (
				6D1ED9052B871105005D9E60 /* Debug */,
				6D1ED9062B871105005D9E60 /* Release */,
			);
			defaultConfigurationIsVisible = 0;
			defaultConfigurationName = Release;
		};
/* End XCConfigurationList section */
	};
	rootObject = 6D1ED8D32B870AF6005D9E60 /* Project object */;
}
